// !$*UTF8*$!
{
	archiveVersion = 1;
	classes = {
	};
	objectVersion = 55;
	objects = {

/* Begin PBXBuildFile section */
		58232D49276C37AC0015C914 /* stay-darkmode.user.js in Resources */ = {isa = PBXBuildFile; fileRef = 58232D48276C37AC0015C914 /* stay-darkmode.user.js */; };
		58410FD42764837F00AB334B /* gmlogtest.user.js in Resources */ = {isa = PBXBuildFile; fileRef = 58410FD32764837F00AB334B /* gmlogtest.user.js */; };
		58410FD62766005400AB334B /* stay-google.user.js in Resources */ = {isa = PBXBuildFile; fileRef = 58410FD52766005400AB334B /* stay-google.user.js */; };
		58410FD82766015000AB334B /* stay-baidu.user.js in Resources */ = {isa = PBXBuildFile; fileRef = 58410FD72766015000AB334B /* stay-baidu.user.js */; };
		58410FDA276875F000AB334B /* stay-toutiao.user.js in Resources */ = {isa = PBXBuildFile; fileRef = 58410FD9276875F000AB334B /* stay-toutiao.user.js */; };
		58410FDC276878C700AB334B /* stay-csdn.user.js in Resources */ = {isa = PBXBuildFile; fileRef = 58410FDB276878C700AB334B /* stay-csdn.user.js */; };
		58410FDE27687AB400AB334B /* stay-jianshu.user.js in Resources */ = {isa = PBXBuildFile; fileRef = 58410FDD27687AB400AB334B /* stay-jianshu.user.js */; };
		58410FE027687D0F00AB334B /* stay-sohu.user.js in Resources */ = {isa = PBXBuildFile; fileRef = 58410FDF27687D0F00AB334B /* stay-sohu.user.js */; };
		58410FE227687DE200AB334B /* stay-xhs.user.js in Resources */ = {isa = PBXBuildFile; fileRef = 58410FE127687DE200AB334B /* stay-xhs.user.js */; };
		58410FE427687F7100AB334B /* stay-sina.user.js in Resources */ = {isa = PBXBuildFile; fileRef = 58410FE327687F7100AB334B /* stay-sina.user.js */; };
		58410FE62768805F00AB334B /* stay-newsqq.user.js in Resources */ = {isa = PBXBuildFile; fileRef = 58410FE52768805F00AB334B /* stay-newsqq.user.js */; };
		58410FE8276881DE00AB334B /* stay-tieba.user.js in Resources */ = {isa = PBXBuildFile; fileRef = 58410FE7276881DE00AB334B /* stay-tieba.user.js */; };
		587688D92719237E00F834A4 /* AppDelegate.m in Sources */ = {isa = PBXBuildFile; fileRef = 587688D82719237E00F834A4 /* AppDelegate.m */; };
		587688DD2719237E00F834A4 /* Main.html in Resources */ = {isa = PBXBuildFile; fileRef = 587688DB2719237E00F834A4 /* Main.html */; };
		587688DF2719237E00F834A4 /* Icon.png in Resources */ = {isa = PBXBuildFile; fileRef = 587688DE2719237E00F834A4 /* Icon.png */; };
		587688E12719237E00F834A4 /* Style.css in Resources */ = {isa = PBXBuildFile; fileRef = 587688E02719237E00F834A4 /* Style.css */; };
		587688E42719237E00F834A4 /* SceneDelegate.m in Sources */ = {isa = PBXBuildFile; fileRef = 587688E32719237E00F834A4 /* SceneDelegate.m */; };
		587688E72719237E00F834A4 /* SYMoreViewController.m in Sources */ = {isa = PBXBuildFile; fileRef = 587688E62719237E00F834A4 /* SYMoreViewController.m */; };
		587688F12719238000F834A4 /* main.m in Sources */ = {isa = PBXBuildFile; fileRef = 587688F02719238000F834A4 /* main.m */; };
		587688FB2719238000F834A4 /* StayTests.m in Sources */ = {isa = PBXBuildFile; fileRef = 587688FA2719238000F834A4 /* StayTests.m */; };
		587689052719238000F834A4 /* StayUITests.m in Sources */ = {isa = PBXBuildFile; fileRef = 587689042719238000F834A4 /* StayUITests.m */; };
		587689072719238000F834A4 /* StayUITestsLaunchTests.m in Sources */ = {isa = PBXBuildFile; fileRef = 587689062719238000F834A4 /* StayUITestsLaunchTests.m */; };
		5876890D2719238000F834A4 /* Stay Extension.appex in Embed App Extensions */ = {isa = PBXBuildFile; fileRef = 5876890C2719238000F834A4 /* Stay Extension.appex */; settings = {ATTRIBUTES = (RemoveHeadersOnCopy, ); }; };
		587689132719238000F834A4 /* SafariWebExtensionHandler.m in Sources */ = {isa = PBXBuildFile; fileRef = 587689122719238000F834A4 /* SafariWebExtensionHandler.m */; };
		587689162719238000F834A4 /* _locales in Resources */ = {isa = PBXBuildFile; fileRef = 587689152719238000F834A4 /* _locales */; };
		587689182719238000F834A4 /* images in Resources */ = {isa = PBXBuildFile; fileRef = 587689172719238000F834A4 /* images */; };
		5876891A2719238000F834A4 /* manifest.json in Resources */ = {isa = PBXBuildFile; fileRef = 587689192719238000F834A4 /* manifest.json */; };
		5876891C2719238000F834A4 /* background.js in Resources */ = {isa = PBXBuildFile; fileRef = 5876891B2719238000F834A4 /* background.js */; };
		5876891E2719238000F834A4 /* baidu-content.js in Resources */ = {isa = PBXBuildFile; fileRef = 5876891D2719238000F834A4 /* baidu-content.js */; };
		587689202719238000F834A4 /* popup.html in Resources */ = {isa = PBXBuildFile; fileRef = 5876891F2719238000F834A4 /* popup.html */; };
		587689222719238000F834A4 /* popup.css in Resources */ = {isa = PBXBuildFile; fileRef = 587689212719238000F834A4 /* popup.css */; };
		587689242719238000F834A4 /* popup.js in Resources */ = {isa = PBXBuildFile; fileRef = 587689232719238000F834A4 /* popup.js */; };
		587689262719238000F834A4 /* Assets.xcassets in Resources */ = {isa = PBXBuildFile; fileRef = 587688EE2719238000F834A4 /* Assets.xcassets */; };
		58768939271E64EB00F834A4 /* common.js in Resources */ = {isa = PBXBuildFile; fileRef = 58768938271E64EB00F834A4 /* common.js */; };
		587689402720064D00F834A4 /* NavigationController.m in Sources */ = {isa = PBXBuildFile; fileRef = 5876893F2720064D00F834A4 /* NavigationController.m */; };
		5881343027294C0E0055E1CE /* iframe.html in Resources */ = {isa = PBXBuildFile; fileRef = 5881342E27294C0E0055E1CE /* iframe.html */; };
		5881343127294C0E0055E1CE /* iframe.js in Resources */ = {isa = PBXBuildFile; fileRef = 5881342F27294C0E0055E1CE /* iframe.js */; };
		58813437272AACEC0055E1CE /* fastclip-icon@3x.png in Resources */ = {isa = PBXBuildFile; fileRef = 58813436272AACEC0055E1CE /* fastclip-icon@3x.png */; };
		5889731A27213C8300BE123E /* Localizable.strings in Resources */ = {isa = PBXBuildFile; fileRef = 5889731C27213C8300BE123E /* Localizable.strings */; };
		58897320272156C900BE123E /* LaunchScreen.storyboard in Resources */ = {isa = PBXBuildFile; fileRef = 5889731F272156C900BE123E /* LaunchScreen.storyboard */; };
		58897323272170CC00BE123E /* xhs-content.js in Resources */ = {isa = PBXBuildFile; fileRef = 58897322272170CC00BE123E /* xhs-content.js */; };
		588973262721715F00BE123E /* zhihu-content.js in Resources */ = {isa = PBXBuildFile; fileRef = 588973252721715F00BE123E /* zhihu-content.js */; };
		5889732B272180F700BE123E /* sohu-content.js in Resources */ = {isa = PBXBuildFile; fileRef = 5889732A272180F700BE123E /* sohu-content.js */; };
		5889732E2722A94F00BE123E /* google-content.js in Resources */ = {isa = PBXBuildFile; fileRef = 5889732D2722A94F00BE123E /* google-content.js */; };
		588973312722AB4600BE123E /* csdn-content.js in Resources */ = {isa = PBXBuildFile; fileRef = 588973302722AB4600BE123E /* csdn-content.js */; };
		588973342722BFA400BE123E /* jianshu-content.js in Resources */ = {isa = PBXBuildFile; fileRef = 588973332722BFA400BE123E /* jianshu-content.js */; };
		588973372722C5EF00BE123E /* toutiao-content.js in Resources */ = {isa = PBXBuildFile; fileRef = 588973362722C5EF00BE123E /* toutiao-content.js */; };
		588973392722D74A00BE123E /* tieba-content.js in Resources */ = {isa = PBXBuildFile; fileRef = 588973382722D74A00BE123E /* tieba-content.js */; };
		5889733E2723033600BE123E /* icon@3x.png in Resources */ = {isa = PBXBuildFile; fileRef = 5889733D2723033600BE123E /* icon@3x.png */; };
		588973482728144000BE123E /* redirect.js in Resources */ = {isa = PBXBuildFile; fileRef = 588973472728144000BE123E /* redirect.js */; };
		58F7F4B827438CB000270873 /* bootstrap.js in Resources */ = {isa = PBXBuildFile; fileRef = 58F7F4B727438CB000270873 /* bootstrap.js */; };
		58F7F4BB2743A93E00270873 /* parse-user-script.js in Resources */ = {isa = PBXBuildFile; fileRef = 58F7F4BA2743A93E00270873 /* parse-user-script.js */; };
		58F7F4BE2743AABE00270873 /* JavaScriptCore.framework in Frameworks */ = {isa = PBXBuildFile; fileRef = 58F7F4BD2743AABE00270873 /* JavaScriptCore.framework */; };
		58F7F4C12743C00600270873 /* leetcode-cn-submission-share.user.js in Resources */ = {isa = PBXBuildFile; fileRef = 58F7F4C02743C00600270873 /* leetcode-cn-submission-share.user.js */; };
		58F7F4C52745336100270873 /* Tampermonkey.m in Sources */ = {isa = PBXBuildFile; fileRef = 58F7F4C42745336100270873 /* Tampermonkey.m */; };
		58F7F4C72745462500270873 /* parse-meta-line.js in Resources */ = {isa = PBXBuildFile; fileRef = 58F7F4C62745462500270873 /* parse-meta-line.js */; };
		58F7F4C927454C2400270873 /* MatchPattern.js in Resources */ = {isa = PBXBuildFile; fileRef = 58F7F4C827454C2400270873 /* MatchPattern.js */; };
		58F7F4CB27454E0600270873 /* convert2RegExp.js in Resources */ = {isa = PBXBuildFile; fileRef = 58F7F4CA27454E0600270873 /* convert2RegExp.js */; };
		58F7F4CD27454E7300270873 /* stay-bootstrap.js in Resources */ = {isa = PBXBuildFile; fileRef = 58F7F4CC27454E7300270873 /* stay-bootstrap.js */; };
		58F7F4CF2745EAAA00270873 /* supported-apis.js in Resources */ = {isa = PBXBuildFile; fileRef = 58F7F4CE2745EAAA00270873 /* supported-apis.js */; };
		58F7F4D22745FC0C00270873 /* UserScript.m in Sources */ = {isa = PBXBuildFile; fileRef = 58F7F4D12745FC0B00270873 /* UserScript.m */; };
		58F7F4D627461F9A00270873 /* stay-taskloop.js in Resources */ = {isa = PBXBuildFile; fileRef = 58F7F4D527461F9A00270873 /* stay-taskloop.js */; };
		58F7F4D9274629AF00270873 /* stay-zhihu.user.js in Resources */ = {isa = PBXBuildFile; fileRef = 58F7F4D8274629AF00270873 /* stay-zhihu.user.js */; };
		58F7F4DD274648FA00270873 /* MatchPattern.js in Resources */ = {isa = PBXBuildFile; fileRef = 58F7F4DC274648FA00270873 /* MatchPattern.js */; };
		58F7F4DF27464E5100270873 /* convert2RegExp.js in Resources */ = {isa = PBXBuildFile; fileRef = 58F7F4DE27464E5100270873 /* convert2RegExp.js */; };
		58F7F4E22746589D00270873 /* stay-taskloop.js in Resources */ = {isa = PBXBuildFile; fileRef = 58F7F4E12746589C00270873 /* stay-taskloop.js */; };
		58F7F4E6274754B900270873 /* gm-apis-gen.js in Resources */ = {isa = PBXBuildFile; fileRef = 58F7F4E5274754B900270873 /* gm-apis-gen.js */; };
		58F7F4E9274776AB00270873 /* Stroge.m in Sources */ = {isa = PBXBuildFile; fileRef = 58F7F4E8274776AB00270873 /* Stroge.m */; };
		58F7F4ED2747A9FE00270873 /* gm-api-create.js in Resources */ = {isa = PBXBuildFile; fileRef = 58F7F4EC2747A9FE00270873 /* gm-api-create.js */; };
		58F7F4EF274B7C7800270873 /* newuserscript.user.js in Resources */ = {isa = PBXBuildFile; fileRef = 58F7F4EE274B7C7700270873 /* newuserscript.user.js */; };
		8410C840275E028A005531EC /* codemirror.js in Resources */ = {isa = PBXBuildFile; fileRef = 8410C837275E028A005531EC /* codemirror.js */; };
		8410C841275E028A005531EC /* typescript.html in Resources */ = {isa = PBXBuildFile; fileRef = 8410C83A275E028A005531EC /* typescript.html */; };
		8410C842275E028A005531EC /* index.html in Resources */ = {isa = PBXBuildFile; fileRef = 8410C83B275E028A005531EC /* index.html */; };
		8410C843275E028A005531EC /* test.js in Resources */ = {isa = PBXBuildFile; fileRef = 8410C83C275E028A005531EC /* test.js */; };
		8410C844275E028A005531EC /* javascript.js in Resources */ = {isa = PBXBuildFile; fileRef = 8410C83D275E028A005531EC /* javascript.js */; };
		8410C845275E028A005531EC /* json-ld.html in Resources */ = {isa = PBXBuildFile; fileRef = 8410C83E275E028A005531EC /* json-ld.html */; };
		8410C846275E028A005531EC /* codemirror.css in Resources */ = {isa = PBXBuildFile; fileRef = 8410C83F275E028A005531EC /* codemirror.css */; };
		8410C848275E028D005531EC /* editor.html in Resources */ = {isa = PBXBuildFile; fileRef = 8410C847275E028D005531EC /* editor.html */; };
		8496DFB627592B850075ABD5 /* more-selected@3x.png in Resources */ = {isa = PBXBuildFile; fileRef = 8496DFB527592B850075ABD5 /* more-selected@3x.png */; };
		8496DFB827592C260075ABD5 /* more@3x.png in Resources */ = {isa = PBXBuildFile; fileRef = 8496DFB727592C260075ABD5 /* more@3x.png */; };
		8496DFBA275935B30075ABD5 /* add@3x.png in Resources */ = {isa = PBXBuildFile; fileRef = 8496DFB9275935B30075ABD5 /* add@3x.png */; };
		8496DFBC2759C39B0075ABD5 /* homepage-selected@3x.png in Resources */ = {isa = PBXBuildFile; fileRef = 8496DFBB2759C39A0075ABD5 /* homepage-selected@3x.png */; };
		8496DFC32759CADC0075ABD5 /* SYEditViewController.m in Sources */ = {isa = PBXBuildFile; fileRef = 8496DFC22759CADC0075ABD5 /* SYEditViewController.m */; };
		84BDC83C2745575E005367C6 /* UIViewExt.m in Sources */ = {isa = PBXBuildFile; fileRef = 84BDC83B2745575E005367C6 /* UIViewExt.m */; };
		84BDC843274BB820005367C6 /* DataManager.m in Sources */ = {isa = PBXBuildFile; fileRef = 84BDC842274BB820005367C6 /* DataManager.m */; };
		84BDC849274BC5AD005367C6 /* ScriptDetailModel.m in Sources */ = {isa = PBXBuildFile; fileRef = 84BDC848274BC5AD005367C6 /* ScriptDetailModel.m */; };
		84BDC851274C9AC3005367C6 /* delete@3x.png in Resources */ = {isa = PBXBuildFile; fileRef = 84BDC850274C9AC3005367C6 /* delete@3x.png */; };
		84BDC853274CA4A5005367C6 /* stop@3x.png in Resources */ = {isa = PBXBuildFile; fileRef = 84BDC852274CA4A5005367C6 /* stop@3x.png */; };
		84BDC855274CAB0F005367C6 /* play@3x.png in Resources */ = {isa = PBXBuildFile; fileRef = 84BDC854274CAB0F005367C6 /* play@3x.png */; };
		84C1ED1D27631AE200651DF9 /* SYCodeMirrorView.m in Sources */ = {isa = PBXBuildFile; fileRef = 84C1ED1C27631AE200651DF9 /* SYCodeMirrorView.m */; };
		84C1ED2327659F7600651DF9 /* arrow@3x.png in Resources */ = {isa = PBXBuildFile; fileRef = 84C1ED2227659F7600651DF9 /* arrow@3x.png */; };
		84C1ED262765E29D00651DF9 /* NSString+Urlencode.m in Sources */ = {isa = PBXBuildFile; fileRef = 84C1ED252765E29D00651DF9 /* NSString+Urlencode.m */; };
		84C1ED3F2765FC8600651DF9 /* search-selected@3x.png in Resources */ = {isa = PBXBuildFile; fileRef = 84C1ED3D2765FC8600651DF9 /* search-selected@3x.png */; };
		84C1ED402765FC8600651DF9 /* search@3x.png in Resources */ = {isa = PBXBuildFile; fileRef = 84C1ED3E2765FC8600651DF9 /* search@3x.png */; };
		84C1ED43276C31AE00651DF9 /* on@3x.png in Resources */ = {isa = PBXBuildFile; fileRef = 84C1ED41276C31AE00651DF9 /* on@3x.png */; };
		84C1ED44276C31AE00651DF9 /* back@3x.png in Resources */ = {isa = PBXBuildFile; fileRef = 84C1ED42276C31AE00651DF9 /* back@3x.png */; };
		84C1ED48276C637200651DF9 /* scriptManager.sqlite in Resources */ = {isa = PBXBuildFile; fileRef = 84C1ED47276C637200651DF9 /* scriptManager.sqlite */; };
		84C54CFC2753BDAF00A9F14C /* SYDetailViewController.m in Sources */ = {isa = PBXBuildFile; fileRef = 84C54CFB2753BDAF00A9F14C /* SYDetailViewController.m */; };
		84F48318273A739800217BB3 /* MainTabBarController.m in Sources */ = {isa = PBXBuildFile; fileRef = 84F48317273A739800217BB3 /* MainTabBarController.m */; };
		84F4831E273AC51800217BB3 /* js-lib@3x.png in Resources */ = {isa = PBXBuildFile; fileRef = 84F4831D273AC51800217BB3 /* js-lib@3x.png */; };
		84F48321273ACAC000217BB3 /* SYHomeViewController.m in Sources */ = {isa = PBXBuildFile; fileRef = 84F48320273ACAC000217BB3 /* SYHomeViewController.m */; };
		84F48324273ACAD400217BB3 /* SYSearchViewController.m in Sources */ = {isa = PBXBuildFile; fileRef = 84F48323273ACAD400217BB3 /* SYSearchViewController.m */; };
		84F48337273B709500217BB3 /* JSDetailCell.m in Sources */ = {isa = PBXBuildFile; fileRef = 84F48336273B709500217BB3 /* JSDetailCell.m */; };
		84F4833A273B964900217BB3 /* JSDetailEntity.m in Sources */ = {isa = PBXBuildFile; fileRef = 84F48339273B964900217BB3 /* JSDetailEntity.m */; };
		CD06870F272E8063006EEA1E /* xw_qq-content.js in Resources */ = {isa = PBXBuildFile; fileRef = CD06870E272E8063006EEA1E /* xw_qq-content.js */; };
		CD56236727315A8F00D32806 /* news_sina-content.js in Resources */ = {isa = PBXBuildFile; fileRef = CD56236627315A8F00D32806 /* news_sina-content.js */; };
/* End PBXBuildFile section */

/* Begin PBXContainerItemProxy section */
		587688F72719238000F834A4 /* PBXContainerItemProxy */ = {
			isa = PBXContainerItemProxy;
			containerPortal = 587688CC2719237E00F834A4 /* Project object */;
			proxyType = 1;
			remoteGlobalIDString = 587688D32719237E00F834A4;
			remoteInfo = Stay;
		};
		587689012719238000F834A4 /* PBXContainerItemProxy */ = {
			isa = PBXContainerItemProxy;
			containerPortal = 587688CC2719237E00F834A4 /* Project object */;
			proxyType = 1;
			remoteGlobalIDString = 587688D32719237E00F834A4;
			remoteInfo = Stay;
		};
		5876890E2719238000F834A4 /* PBXContainerItemProxy */ = {
			isa = PBXContainerItemProxy;
			containerPortal = 587688CC2719237E00F834A4 /* Project object */;
			proxyType = 1;
			remoteGlobalIDString = 5876890B2719238000F834A4;
			remoteInfo = "Stay Extension";
		};
/* End PBXContainerItemProxy section */

/* Begin PBXCopyFilesBuildPhase section */
		5876892C2719238000F834A4 /* Embed App Extensions */ = {
			isa = PBXCopyFilesBuildPhase;
			buildActionMask = 2147483647;
			dstPath = "";
			dstSubfolderSpec = 13;
			files = (
				5876890D2719238000F834A4 /* Stay Extension.appex in Embed App Extensions */,
			);
			name = "Embed App Extensions";
			runOnlyForDeploymentPostprocessing = 0;
		};
/* End PBXCopyFilesBuildPhase section */

/* Begin PBXFileReference section */
		58232D48276C37AC0015C914 /* stay-darkmode.user.js */ = {isa = PBXFileReference; fileEncoding = 4; lastKnownFileType = sourcecode.javascript; path = "stay-darkmode.user.js"; sourceTree = "<group>"; };
		58410FD32764837F00AB334B /* gmlogtest.user.js */ = {isa = PBXFileReference; lastKnownFileType = sourcecode.javascript; path = gmlogtest.user.js; sourceTree = "<group>"; };
		58410FD52766005400AB334B /* stay-google.user.js */ = {isa = PBXFileReference; lastKnownFileType = sourcecode.javascript; path = "stay-google.user.js"; sourceTree = "<group>"; };
		58410FD72766015000AB334B /* stay-baidu.user.js */ = {isa = PBXFileReference; lastKnownFileType = sourcecode.javascript; path = "stay-baidu.user.js"; sourceTree = "<group>"; };
		58410FD9276875F000AB334B /* stay-toutiao.user.js */ = {isa = PBXFileReference; lastKnownFileType = sourcecode.javascript; path = "stay-toutiao.user.js"; sourceTree = "<group>"; };
		58410FDB276878C700AB334B /* stay-csdn.user.js */ = {isa = PBXFileReference; lastKnownFileType = sourcecode.javascript; path = "stay-csdn.user.js"; sourceTree = "<group>"; };
		58410FDD27687AB400AB334B /* stay-jianshu.user.js */ = {isa = PBXFileReference; lastKnownFileType = sourcecode.javascript; path = "stay-jianshu.user.js"; sourceTree = "<group>"; };
		58410FDF27687D0F00AB334B /* stay-sohu.user.js */ = {isa = PBXFileReference; lastKnownFileType = sourcecode.javascript; path = "stay-sohu.user.js"; sourceTree = "<group>"; };
		58410FE127687DE200AB334B /* stay-xhs.user.js */ = {isa = PBXFileReference; lastKnownFileType = sourcecode.javascript; path = "stay-xhs.user.js"; sourceTree = "<group>"; };
		58410FE327687F7100AB334B /* stay-sina.user.js */ = {isa = PBXFileReference; lastKnownFileType = sourcecode.javascript; path = "stay-sina.user.js"; sourceTree = "<group>"; };
		58410FE52768805F00AB334B /* stay-newsqq.user.js */ = {isa = PBXFileReference; lastKnownFileType = sourcecode.javascript; path = "stay-newsqq.user.js"; sourceTree = "<group>"; };
		58410FE7276881DE00AB334B /* stay-tieba.user.js */ = {isa = PBXFileReference; lastKnownFileType = sourcecode.javascript; path = "stay-tieba.user.js"; sourceTree = "<group>"; };
		587688D42719237E00F834A4 /* Stay.app */ = {isa = PBXFileReference; explicitFileType = wrapper.application; includeInIndex = 0; path = Stay.app; sourceTree = BUILT_PRODUCTS_DIR; };
		587688D72719237E00F834A4 /* AppDelegate.h */ = {isa = PBXFileReference; lastKnownFileType = sourcecode.c.h; path = AppDelegate.h; sourceTree = "<group>"; };
		587688D82719237E00F834A4 /* AppDelegate.m */ = {isa = PBXFileReference; lastKnownFileType = sourcecode.c.objc; path = AppDelegate.m; sourceTree = "<group>"; };
		587688DE2719237E00F834A4 /* Icon.png */ = {isa = PBXFileReference; lastKnownFileType = image.png; path = Icon.png; sourceTree = "<group>"; };
		587688E02719237E00F834A4 /* Style.css */ = {isa = PBXFileReference; lastKnownFileType = text.css; path = Style.css; sourceTree = "<group>"; };
		587688E22719237E00F834A4 /* SceneDelegate.h */ = {isa = PBXFileReference; lastKnownFileType = sourcecode.c.h; path = SceneDelegate.h; sourceTree = "<group>"; };
		587688E32719237E00F834A4 /* SceneDelegate.m */ = {isa = PBXFileReference; lastKnownFileType = sourcecode.c.objc; path = SceneDelegate.m; sourceTree = "<group>"; };
		587688E52719237E00F834A4 /* SYMoreViewController.h */ = {isa = PBXFileReference; lastKnownFileType = sourcecode.c.h; path = SYMoreViewController.h; sourceTree = "<group>"; };
		587688E62719237E00F834A4 /* SYMoreViewController.m */ = {isa = PBXFileReference; lastKnownFileType = sourcecode.c.objc; path = SYMoreViewController.m; sourceTree = "<group>"; };
		587688EE2719238000F834A4 /* Assets.xcassets */ = {isa = PBXFileReference; lastKnownFileType = folder.assetcatalog; path = Assets.xcassets; sourceTree = "<group>"; };
		587688EF2719238000F834A4 /* Info.plist */ = {isa = PBXFileReference; lastKnownFileType = text.plist.xml; path = Info.plist; sourceTree = "<group>"; };
		587688F02719238000F834A4 /* main.m */ = {isa = PBXFileReference; lastKnownFileType = sourcecode.c.objc; path = main.m; sourceTree = "<group>"; };
		587688F62719238000F834A4 /* StayTests.xctest */ = {isa = PBXFileReference; explicitFileType = wrapper.cfbundle; includeInIndex = 0; path = StayTests.xctest; sourceTree = BUILT_PRODUCTS_DIR; };
		587688FA2719238000F834A4 /* StayTests.m */ = {isa = PBXFileReference; lastKnownFileType = sourcecode.c.objc; path = StayTests.m; sourceTree = "<group>"; };
		587689002719238000F834A4 /* StayUITests.xctest */ = {isa = PBXFileReference; explicitFileType = wrapper.cfbundle; includeInIndex = 0; path = StayUITests.xctest; sourceTree = BUILT_PRODUCTS_DIR; };
		587689042719238000F834A4 /* StayUITests.m */ = {isa = PBXFileReference; lastKnownFileType = sourcecode.c.objc; path = StayUITests.m; sourceTree = "<group>"; };
		587689062719238000F834A4 /* StayUITestsLaunchTests.m */ = {isa = PBXFileReference; lastKnownFileType = sourcecode.c.objc; path = StayUITestsLaunchTests.m; sourceTree = "<group>"; };
		5876890C2719238000F834A4 /* Stay Extension.appex */ = {isa = PBXFileReference; explicitFileType = "wrapper.app-extension"; includeInIndex = 0; path = "Stay Extension.appex"; sourceTree = BUILT_PRODUCTS_DIR; };
		587689112719238000F834A4 /* SafariWebExtensionHandler.h */ = {isa = PBXFileReference; lastKnownFileType = sourcecode.c.h; path = SafariWebExtensionHandler.h; sourceTree = "<group>"; };
		587689122719238000F834A4 /* SafariWebExtensionHandler.m */ = {isa = PBXFileReference; lastKnownFileType = sourcecode.c.objc; path = SafariWebExtensionHandler.m; sourceTree = "<group>"; };
		587689152719238000F834A4 /* _locales */ = {isa = PBXFileReference; lastKnownFileType = folder; path = _locales; sourceTree = "<group>"; };
		587689172719238000F834A4 /* images */ = {isa = PBXFileReference; lastKnownFileType = folder; path = images; sourceTree = "<group>"; };
		587689192719238000F834A4 /* manifest.json */ = {isa = PBXFileReference; lastKnownFileType = text.json; path = manifest.json; sourceTree = "<group>"; };
		5876891B2719238000F834A4 /* background.js */ = {isa = PBXFileReference; lastKnownFileType = sourcecode.javascript; path = background.js; sourceTree = "<group>"; };
		5876891D2719238000F834A4 /* baidu-content.js */ = {isa = PBXFileReference; lastKnownFileType = sourcecode.javascript; path = "baidu-content.js"; sourceTree = "<group>"; };
		5876891F2719238000F834A4 /* popup.html */ = {isa = PBXFileReference; lastKnownFileType = text.html; path = popup.html; sourceTree = "<group>"; };
		587689212719238000F834A4 /* popup.css */ = {isa = PBXFileReference; lastKnownFileType = text.css; path = popup.css; sourceTree = "<group>"; };
		587689232719238000F834A4 /* popup.js */ = {isa = PBXFileReference; lastKnownFileType = sourcecode.javascript; path = popup.js; sourceTree = "<group>"; };
		587689252719238000F834A4 /* Info.plist */ = {isa = PBXFileReference; lastKnownFileType = text.plist.xml; path = Info.plist; sourceTree = "<group>"; };
		58768938271E64EB00F834A4 /* common.js */ = {isa = PBXFileReference; lastKnownFileType = sourcecode.javascript; path = common.js; sourceTree = "<group>"; };
		5876893E2720064D00F834A4 /* NavigationController.h */ = {isa = PBXFileReference; lastKnownFileType = sourcecode.c.h; path = NavigationController.h; sourceTree = "<group>"; };
		5876893F2720064D00F834A4 /* NavigationController.m */ = {isa = PBXFileReference; lastKnownFileType = sourcecode.c.objc; path = NavigationController.m; sourceTree = "<group>"; };
		5881342E27294C0E0055E1CE /* iframe.html */ = {isa = PBXFileReference; fileEncoding = 4; lastKnownFileType = text.html; path = iframe.html; sourceTree = "<group>"; };
		5881342F27294C0E0055E1CE /* iframe.js */ = {isa = PBXFileReference; fileEncoding = 4; lastKnownFileType = sourcecode.javascript; path = iframe.js; sourceTree = "<group>"; };
		58813436272AACEC0055E1CE /* fastclip-icon@3x.png */ = {isa = PBXFileReference; lastKnownFileType = image.png; path = "fastclip-icon@3x.png"; sourceTree = "<group>"; };
		5889731427213BC200BE123E /* en */ = {isa = PBXFileReference; lastKnownFileType = text.html; name = en; path = ../en.lproj/Main.html; sourceTree = "<group>"; };
		5889731B27213C8300BE123E /* en */ = {isa = PBXFileReference; lastKnownFileType = text.plist.strings; name = en; path = en.lproj/Localizable.strings; sourceTree = "<group>"; };
		5889731E27213CB100BE123E /* zh-Hans */ = {isa = PBXFileReference; lastKnownFileType = text.plist.strings; name = "zh-Hans"; path = "zh-Hans.lproj/Localizable.strings"; sourceTree = "<group>"; };
		5889731F272156C900BE123E /* LaunchScreen.storyboard */ = {isa = PBXFileReference; fileEncoding = 4; lastKnownFileType = file.storyboard; path = LaunchScreen.storyboard; sourceTree = "<group>"; };
		58897322272170CC00BE123E /* xhs-content.js */ = {isa = PBXFileReference; lastKnownFileType = sourcecode.javascript; path = "xhs-content.js"; sourceTree = "<group>"; };
		588973252721715F00BE123E /* zhihu-content.js */ = {isa = PBXFileReference; lastKnownFileType = sourcecode.javascript; path = "zhihu-content.js"; sourceTree = "<group>"; };
		5889732A272180F700BE123E /* sohu-content.js */ = {isa = PBXFileReference; lastKnownFileType = sourcecode.javascript; path = "sohu-content.js"; sourceTree = "<group>"; };
		5889732D2722A94F00BE123E /* google-content.js */ = {isa = PBXFileReference; lastKnownFileType = sourcecode.javascript; path = "google-content.js"; sourceTree = "<group>"; };
		588973302722AB4600BE123E /* csdn-content.js */ = {isa = PBXFileReference; lastKnownFileType = sourcecode.javascript; path = "csdn-content.js"; sourceTree = "<group>"; };
		588973332722BFA400BE123E /* jianshu-content.js */ = {isa = PBXFileReference; lastKnownFileType = sourcecode.javascript; path = "jianshu-content.js"; sourceTree = "<group>"; };
		588973362722C5EF00BE123E /* toutiao-content.js */ = {isa = PBXFileReference; lastKnownFileType = sourcecode.javascript; path = "toutiao-content.js"; sourceTree = "<group>"; };
		588973382722D74A00BE123E /* tieba-content.js */ = {isa = PBXFileReference; lastKnownFileType = sourcecode.javascript; path = "tieba-content.js"; sourceTree = "<group>"; };
		5889733D2723033600BE123E /* icon@3x.png */ = {isa = PBXFileReference; lastKnownFileType = image.png; path = "icon@3x.png"; sourceTree = "<group>"; };
		588973472728144000BE123E /* redirect.js */ = {isa = PBXFileReference; lastKnownFileType = sourcecode.javascript; path = redirect.js; sourceTree = "<group>"; };
		58F7F4B727438CB000270873 /* bootstrap.js */ = {isa = PBXFileReference; lastKnownFileType = sourcecode.javascript; path = bootstrap.js; sourceTree = "<group>"; };
		58F7F4BA2743A93E00270873 /* parse-user-script.js */ = {isa = PBXFileReference; fileEncoding = 4; lastKnownFileType = sourcecode.javascript; path = "parse-user-script.js"; sourceTree = "<group>"; };
		58F7F4BD2743AABE00270873 /* JavaScriptCore.framework */ = {isa = PBXFileReference; lastKnownFileType = wrapper.framework; name = JavaScriptCore.framework; path = System/Library/Frameworks/JavaScriptCore.framework; sourceTree = SDKROOT; };
		58F7F4C02743C00600270873 /* leetcode-cn-submission-share.user.js */ = {isa = PBXFileReference; lastKnownFileType = sourcecode.javascript; path = "leetcode-cn-submission-share.user.js"; sourceTree = "<group>"; };
		58F7F4C32745336100270873 /* Tampermonkey.h */ = {isa = PBXFileReference; lastKnownFileType = sourcecode.c.h; path = Tampermonkey.h; sourceTree = "<group>"; };
		58F7F4C42745336100270873 /* Tampermonkey.m */ = {isa = PBXFileReference; lastKnownFileType = sourcecode.c.objc; path = Tampermonkey.m; sourceTree = "<group>"; };
		58F7F4C62745462500270873 /* parse-meta-line.js */ = {isa = PBXFileReference; fileEncoding = 4; lastKnownFileType = sourcecode.javascript; path = "parse-meta-line.js"; sourceTree = "<group>"; };
		58F7F4C827454C2400270873 /* MatchPattern.js */ = {isa = PBXFileReference; fileEncoding = 4; lastKnownFileType = sourcecode.javascript; path = MatchPattern.js; sourceTree = "<group>"; };
		58F7F4CA27454E0600270873 /* convert2RegExp.js */ = {isa = PBXFileReference; fileEncoding = 4; lastKnownFileType = sourcecode.javascript; path = convert2RegExp.js; sourceTree = "<group>"; };
		58F7F4CC27454E7300270873 /* stay-bootstrap.js */ = {isa = PBXFileReference; lastKnownFileType = sourcecode.javascript; path = "stay-bootstrap.js"; sourceTree = "<group>"; };
		58F7F4CE2745EAAA00270873 /* supported-apis.js */ = {isa = PBXFileReference; fileEncoding = 4; lastKnownFileType = sourcecode.javascript; path = "supported-apis.js"; sourceTree = "<group>"; };
		58F7F4D02745FC0B00270873 /* UserScript.h */ = {isa = PBXFileReference; lastKnownFileType = sourcecode.c.h; path = UserScript.h; sourceTree = "<group>"; };
		58F7F4D12745FC0B00270873 /* UserScript.m */ = {isa = PBXFileReference; lastKnownFileType = sourcecode.c.objc; path = UserScript.m; sourceTree = "<group>"; };
		58F7F4D527461F9A00270873 /* stay-taskloop.js */ = {isa = PBXFileReference; lastKnownFileType = sourcecode.javascript; path = "stay-taskloop.js"; sourceTree = "<group>"; };
		58F7F4D8274629AF00270873 /* stay-zhihu.user.js */ = {isa = PBXFileReference; lastKnownFileType = sourcecode.javascript; path = "stay-zhihu.user.js"; sourceTree = "<group>"; };
		58F7F4DA2746339800270873 /* Stay.entitlements */ = {isa = PBXFileReference; lastKnownFileType = text.plist.entitlements; path = Stay.entitlements; sourceTree = "<group>"; };
		58F7F4DB2746342400270873 /* Stay Extension.entitlements */ = {isa = PBXFileReference; lastKnownFileType = text.plist.entitlements; path = "Stay Extension.entitlements"; sourceTree = "<group>"; };
		58F7F4DC274648FA00270873 /* MatchPattern.js */ = {isa = PBXFileReference; fileEncoding = 4; lastKnownFileType = sourcecode.javascript; path = MatchPattern.js; sourceTree = "<group>"; };
		58F7F4DE27464E5100270873 /* convert2RegExp.js */ = {isa = PBXFileReference; fileEncoding = 4; lastKnownFileType = sourcecode.javascript; name = convert2RegExp.js; path = Stay/tampermonkey/lib/convert2RegExp.js; sourceTree = SOURCE_ROOT; };
		58F7F4E12746589C00270873 /* stay-taskloop.js */ = {isa = PBXFileReference; fileEncoding = 4; lastKnownFileType = sourcecode.javascript; name = "stay-taskloop.js"; path = "Stay/stay/vendor/stay-taskloop.js"; sourceTree = SOURCE_ROOT; };
		58F7F4E5274754B900270873 /* gm-apis-gen.js */ = {isa = PBXFileReference; lastKnownFileType = sourcecode.javascript; path = "gm-apis-gen.js"; sourceTree = "<group>"; };
		58F7F4E7274776AB00270873 /* Stroge.h */ = {isa = PBXFileReference; lastKnownFileType = sourcecode.c.h; path = Stroge.h; sourceTree = "<group>"; };
		58F7F4E8274776AB00270873 /* Stroge.m */ = {isa = PBXFileReference; lastKnownFileType = sourcecode.c.objc; path = Stroge.m; sourceTree = "<group>"; };
		58F7F4EC2747A9FE00270873 /* gm-api-create.js */ = {isa = PBXFileReference; lastKnownFileType = sourcecode.javascript; path = "gm-api-create.js"; sourceTree = "<group>"; };
		58F7F4EE274B7C7700270873 /* newuserscript.user.js */ = {isa = PBXFileReference; lastKnownFileType = sourcecode.javascript; path = newuserscript.user.js; sourceTree = "<group>"; };
		8410C837275E028A005531EC /* codemirror.js */ = {isa = PBXFileReference; fileEncoding = 4; lastKnownFileType = sourcecode.javascript; path = codemirror.js; sourceTree = "<group>"; };
		8410C83A275E028A005531EC /* typescript.html */ = {isa = PBXFileReference; fileEncoding = 4; lastKnownFileType = text.html; path = typescript.html; sourceTree = "<group>"; };
		8410C83B275E028A005531EC /* index.html */ = {isa = PBXFileReference; fileEncoding = 4; lastKnownFileType = text.html; path = index.html; sourceTree = "<group>"; };
		8410C83C275E028A005531EC /* test.js */ = {isa = PBXFileReference; fileEncoding = 4; lastKnownFileType = sourcecode.javascript; path = test.js; sourceTree = "<group>"; };
		8410C83D275E028A005531EC /* javascript.js */ = {isa = PBXFileReference; fileEncoding = 4; lastKnownFileType = sourcecode.javascript; path = javascript.js; sourceTree = "<group>"; };
		8410C83E275E028A005531EC /* json-ld.html */ = {isa = PBXFileReference; fileEncoding = 4; lastKnownFileType = text.html; path = "json-ld.html"; sourceTree = "<group>"; };
		8410C83F275E028A005531EC /* codemirror.css */ = {isa = PBXFileReference; fileEncoding = 4; lastKnownFileType = text.css; path = codemirror.css; sourceTree = "<group>"; };
		8410C847275E028D005531EC /* editor.html */ = {isa = PBXFileReference; fileEncoding = 4; lastKnownFileType = text.html; path = editor.html; sourceTree = "<group>"; };
		8496DFB527592B850075ABD5 /* more-selected@3x.png */ = {isa = PBXFileReference; lastKnownFileType = image.png; path = "more-selected@3x.png"; sourceTree = "<group>"; };
		8496DFB727592C260075ABD5 /* more@3x.png */ = {isa = PBXFileReference; lastKnownFileType = image.png; path = "more@3x.png"; sourceTree = "<group>"; };
		8496DFB9275935B30075ABD5 /* add@3x.png */ = {isa = PBXFileReference; lastKnownFileType = image.png; path = "add@3x.png"; sourceTree = "<group>"; };
		8496DFBB2759C39A0075ABD5 /* homepage-selected@3x.png */ = {isa = PBXFileReference; lastKnownFileType = image.png; path = "homepage-selected@3x.png"; sourceTree = "<group>"; };
		8496DFC12759CADC0075ABD5 /* SYEditViewController.h */ = {isa = PBXFileReference; lastKnownFileType = sourcecode.c.h; path = SYEditViewController.h; sourceTree = "<group>"; };
		8496DFC22759CADC0075ABD5 /* SYEditViewController.m */ = {isa = PBXFileReference; lastKnownFileType = sourcecode.c.objc; path = SYEditViewController.m; sourceTree = "<group>"; };
		8496DFC4275A6D7E0075ABD5 /* Stay-Bridging-Header.h */ = {isa = PBXFileReference; lastKnownFileType = sourcecode.c.h; path = "Stay-Bridging-Header.h"; sourceTree = "<group>"; };
		84BDC83A2745575E005367C6 /* UIViewExt.h */ = {isa = PBXFileReference; fileEncoding = 4; lastKnownFileType = sourcecode.c.h; path = UIViewExt.h; sourceTree = "<group>"; };
		84BDC83B2745575E005367C6 /* UIViewExt.m */ = {isa = PBXFileReference; fileEncoding = 4; lastKnownFileType = sourcecode.c.objc; path = UIViewExt.m; sourceTree = "<group>"; };
		84BDC83D27455CA2005367C6 /* SYDefines.h */ = {isa = PBXFileReference; lastKnownFileType = sourcecode.c.h; path = SYDefines.h; sourceTree = "<group>"; };
		84BDC83E27455EE3005367C6 /* PrefixHeader.pch */ = {isa = PBXFileReference; lastKnownFileType = sourcecode.c.h; path = PrefixHeader.pch; sourceTree = "<group>"; };
		84BDC841274BB820005367C6 /* DataManager.h */ = {isa = PBXFileReference; fileEncoding = 4; lastKnownFileType = sourcecode.c.h; path = DataManager.h; sourceTree = "<group>"; };
		84BDC842274BB820005367C6 /* DataManager.m */ = {isa = PBXFileReference; fileEncoding = 4; lastKnownFileType = sourcecode.c.objc; path = DataManager.m; sourceTree = "<group>"; };
		84BDC847274BC5AD005367C6 /* ScriptDetailModel.h */ = {isa = PBXFileReference; lastKnownFileType = sourcecode.c.h; path = ScriptDetailModel.h; sourceTree = "<group>"; };
		84BDC848274BC5AD005367C6 /* ScriptDetailModel.m */ = {isa = PBXFileReference; lastKnownFileType = sourcecode.c.objc; path = ScriptDetailModel.m; sourceTree = "<group>"; };
		84BDC850274C9AC3005367C6 /* delete@3x.png */ = {isa = PBXFileReference; lastKnownFileType = image.png; path = "delete@3x.png"; sourceTree = "<group>"; };
		84BDC852274CA4A5005367C6 /* stop@3x.png */ = {isa = PBXFileReference; lastKnownFileType = image.png; path = "stop@3x.png"; sourceTree = "<group>"; };
		84BDC854274CAB0F005367C6 /* play@3x.png */ = {isa = PBXFileReference; lastKnownFileType = image.png; path = "play@3x.png"; sourceTree = "<group>"; };
		84C1ED1B27631AE200651DF9 /* SYCodeMirrorView.h */ = {isa = PBXFileReference; lastKnownFileType = sourcecode.c.h; path = SYCodeMirrorView.h; sourceTree = "<group>"; };
		84C1ED1C27631AE200651DF9 /* SYCodeMirrorView.m */ = {isa = PBXFileReference; lastKnownFileType = sourcecode.c.objc; path = SYCodeMirrorView.m; sourceTree = "<group>"; };
		84C1ED2227659F7600651DF9 /* arrow@3x.png */ = {isa = PBXFileReference; lastKnownFileType = image.png; path = "arrow@3x.png"; sourceTree = "<group>"; };
		84C1ED242765E29D00651DF9 /* NSString+Urlencode.h */ = {isa = PBXFileReference; lastKnownFileType = sourcecode.c.h; path = "NSString+Urlencode.h"; sourceTree = "<group>"; };
		84C1ED252765E29D00651DF9 /* NSString+Urlencode.m */ = {isa = PBXFileReference; lastKnownFileType = sourcecode.c.objc; path = "NSString+Urlencode.m"; sourceTree = "<group>"; };
		84C1ED3D2765FC8600651DF9 /* search-selected@3x.png */ = {isa = PBXFileReference; lastKnownFileType = image.png; path = "search-selected@3x.png"; sourceTree = "<group>"; };
		84C1ED3E2765FC8600651DF9 /* search@3x.png */ = {isa = PBXFileReference; lastKnownFileType = image.png; path = "search@3x.png"; sourceTree = "<group>"; };
		84C1ED41276C31AE00651DF9 /* on@3x.png */ = {isa = PBXFileReference; lastKnownFileType = image.png; path = "on@3x.png"; sourceTree = "<group>"; };
		84C1ED42276C31AE00651DF9 /* back@3x.png */ = {isa = PBXFileReference; lastKnownFileType = image.png; path = "back@3x.png"; sourceTree = "<group>"; };
		84C1ED47276C637200651DF9 /* scriptManager.sqlite */ = {isa = PBXFileReference; lastKnownFileType = file; path = scriptManager.sqlite; sourceTree = "<group>"; };
		84C54CFA2753BDAF00A9F14C /* SYDetailViewController.h */ = {isa = PBXFileReference; lastKnownFileType = sourcecode.c.h; path = SYDetailViewController.h; sourceTree = "<group>"; };
		84C54CFB2753BDAF00A9F14C /* SYDetailViewController.m */ = {isa = PBXFileReference; lastKnownFileType = sourcecode.c.objc; path = SYDetailViewController.m; sourceTree = "<group>"; };
		84F48316273A739800217BB3 /* MainTabBarController.h */ = {isa = PBXFileReference; lastKnownFileType = sourcecode.c.h; path = MainTabBarController.h; sourceTree = "<group>"; };
		84F48317273A739800217BB3 /* MainTabBarController.m */ = {isa = PBXFileReference; lastKnownFileType = sourcecode.c.objc; path = MainTabBarController.m; sourceTree = "<group>"; };
		84F4831D273AC51800217BB3 /* js-lib@3x.png */ = {isa = PBXFileReference; lastKnownFileType = image.png; path = "js-lib@3x.png"; sourceTree = "<group>"; };
		84F4831F273ACAC000217BB3 /* SYHomeViewController.h */ = {isa = PBXFileReference; lastKnownFileType = sourcecode.c.h; path = SYHomeViewController.h; sourceTree = "<group>"; };
		84F48320273ACAC000217BB3 /* SYHomeViewController.m */ = {isa = PBXFileReference; lastKnownFileType = sourcecode.c.objc; path = SYHomeViewController.m; sourceTree = "<group>"; };
		84F48322273ACAD400217BB3 /* SYSearchViewController.h */ = {isa = PBXFileReference; lastKnownFileType = sourcecode.c.h; path = SYSearchViewController.h; sourceTree = "<group>"; };
		84F48323273ACAD400217BB3 /* SYSearchViewController.m */ = {isa = PBXFileReference; lastKnownFileType = sourcecode.c.objc; path = SYSearchViewController.m; sourceTree = "<group>"; };
		84F48335273B709500217BB3 /* JSDetailCell.h */ = {isa = PBXFileReference; lastKnownFileType = sourcecode.c.h; path = JSDetailCell.h; sourceTree = "<group>"; };
		84F48336273B709500217BB3 /* JSDetailCell.m */ = {isa = PBXFileReference; lastKnownFileType = sourcecode.c.objc; path = JSDetailCell.m; sourceTree = "<group>"; };
		84F48339273B964900217BB3 /* JSDetailEntity.m */ = {isa = PBXFileReference; lastKnownFileType = sourcecode.c.objc; path = JSDetailEntity.m; sourceTree = "<group>"; };
		84F4833B273B96F400217BB3 /* JSDetailEntity.h */ = {isa = PBXFileReference; lastKnownFileType = sourcecode.c.h; path = JSDetailEntity.h; sourceTree = "<group>"; };
		CD06870E272E8063006EEA1E /* xw_qq-content.js */ = {isa = PBXFileReference; lastKnownFileType = sourcecode.javascript; path = "xw_qq-content.js"; sourceTree = "<group>"; };
		CD56236627315A8F00D32806 /* news_sina-content.js */ = {isa = PBXFileReference; lastKnownFileType = sourcecode.javascript; path = "news_sina-content.js"; sourceTree = "<group>"; };
/* End PBXFileReference section */

/* Begin PBXFrameworksBuildPhase section */
		587688D12719237E00F834A4 /* Frameworks */ = {
			isa = PBXFrameworksBuildPhase;
			buildActionMask = 2147483647;
			files = (
				58F7F4BE2743AABE00270873 /* JavaScriptCore.framework in Frameworks */,
			);
			runOnlyForDeploymentPostprocessing = 0;
		};
		587688F32719238000F834A4 /* Frameworks */ = {
			isa = PBXFrameworksBuildPhase;
			buildActionMask = 2147483647;
			files = (
			);
			runOnlyForDeploymentPostprocessing = 0;
		};
		587688FD2719238000F834A4 /* Frameworks */ = {
			isa = PBXFrameworksBuildPhase;
			buildActionMask = 2147483647;
			files = (
			);
			runOnlyForDeploymentPostprocessing = 0;
		};
		587689092719238000F834A4 /* Frameworks */ = {
			isa = PBXFrameworksBuildPhase;
			buildActionMask = 2147483647;
			files = (
			);
			runOnlyForDeploymentPostprocessing = 0;
		};
/* End PBXFrameworksBuildPhase section */

/* Begin PBXGroup section */
		587688CB2719237E00F834A4 = {
			isa = PBXGroup;
			children = (
				587688D62719237E00F834A4 /* Stay */,
				587688F92719238000F834A4 /* StayTests */,
				587689032719238000F834A4 /* StayUITests */,
				587689102719238000F834A4 /* Stay Extension */,
				587688D52719237E00F834A4 /* Products */,
				58F7F4BC2743AABE00270873 /* Frameworks */,
			);
			sourceTree = "<group>";
		};
		587688D52719237E00F834A4 /* Products */ = {
			isa = PBXGroup;
			children = (
				587688D42719237E00F834A4 /* Stay.app */,
				587688F62719238000F834A4 /* StayTests.xctest */,
				587689002719238000F834A4 /* StayUITests.xctest */,
				5876890C2719238000F834A4 /* Stay Extension.appex */,
			);
			name = Products;
			sourceTree = "<group>";
		};
		587688D62719237E00F834A4 /* Stay */ = {
			isa = PBXGroup;
			children = (
				58F7F4DA2746339800270873 /* Stay.entitlements */,
				58F7F4D3274603BA00270873 /* stay */,
				58F7F4C22745328200270873 /* tampermonkey */,
				84BDC83E27455EE3005367C6 /* PrefixHeader.pch */,
				84F4830D273A69AA00217BB3 /* Main */,
				5889733A2722FF7600BE123E /* Images */,
				5889731F272156C900BE123E /* LaunchScreen.storyboard */,
				587688D72719237E00F834A4 /* AppDelegate.h */,
				587688D82719237E00F834A4 /* AppDelegate.m */,
				587688E22719237E00F834A4 /* SceneDelegate.h */,
				587688E32719237E00F834A4 /* SceneDelegate.m */,
				84F48316273A739800217BB3 /* MainTabBarController.h */,
				84F48317273A739800217BB3 /* MainTabBarController.m */,
				5876893E2720064D00F834A4 /* NavigationController.h */,
				5876893F2720064D00F834A4 /* NavigationController.m */,
				587688EE2719238000F834A4 /* Assets.xcassets */,
				587688EF2719238000F834A4 /* Info.plist */,
				587688F02719238000F834A4 /* main.m */,
				587688DA2719237E00F834A4 /* Resources */,
				5889731C27213C8300BE123E /* Localizable.strings */,
			);
			path = Stay;
			sourceTree = "<group>";
		};
		587688DA2719237E00F834A4 /* Resources */ = {
			isa = PBXGroup;
			children = (
				587688DB2719237E00F834A4 /* Main.html */,
				587688DE2719237E00F834A4 /* Icon.png */,
				587688E02719237E00F834A4 /* Style.css */,
			);
			path = Resources;
			sourceTree = "<group>";
		};
		587688F92719238000F834A4 /* StayTests */ = {
			isa = PBXGroup;
			children = (
				587688FA2719238000F834A4 /* StayTests.m */,
			);
			path = StayTests;
			sourceTree = "<group>";
		};
		587689032719238000F834A4 /* StayUITests */ = {
			isa = PBXGroup;
			children = (
				587689042719238000F834A4 /* StayUITests.m */,
				587689062719238000F834A4 /* StayUITestsLaunchTests.m */,
			);
			path = StayUITests;
			sourceTree = "<group>";
		};
		587689102719238000F834A4 /* Stay Extension */ = {
			isa = PBXGroup;
			children = (
				58F7F4DB2746342400270873 /* Stay Extension.entitlements */,
				58F7F4E7274776AB00270873 /* Stroge.h */,
				58F7F4E8274776AB00270873 /* Stroge.m */,
				587689112719238000F834A4 /* SafariWebExtensionHandler.h */,
				587689122719238000F834A4 /* SafariWebExtensionHandler.m */,
				587689252719238000F834A4 /* Info.plist */,
				587689142719238000F834A4 /* Resources */,
			);
			path = "Stay Extension";
			sourceTree = "<group>";
		};
		587689142719238000F834A4 /* Resources */ = {
			isa = PBXGroup;
			children = (
				58F7F4E02746588600270873 /* vendor */,
				CD56236527315A6B00D32806 /* sina */,
				CD06870D272E8020006EEA1E /* qq */,
				588973352722C5D800BE123E /* toutiao */,
				588973322722BF7000BE123E /* jianshu */,
				5889732F2722AB2E00BE123E /* csdn */,
				5889732C2722A93A00BE123E /* google */,
				5889732727217F3A00BE123E /* sohu */,
				588973242721714600BE123E /* zhihu */,
				58897321272170AF00BE123E /* xhs */,
				5876893B271EBD1500F834A4 /* baidu */,
				5876893A271E911600F834A4 /* lib */,
				587689152719238000F834A4 /* _locales */,
				587689172719238000F834A4 /* images */,
				587689192719238000F834A4 /* manifest.json */,
				5876891B2719238000F834A4 /* background.js */,
				5881342E27294C0E0055E1CE /* iframe.html */,
				5881342F27294C0E0055E1CE /* iframe.js */,
				5876891F2719238000F834A4 /* popup.html */,
				587689212719238000F834A4 /* popup.css */,
				587689232719238000F834A4 /* popup.js */,
				588973472728144000BE123E /* redirect.js */,
				58F7F4DE27464E5100270873 /* convert2RegExp.js */,
				58F7F4DC274648FA00270873 /* MatchPattern.js */,
				58F7F4B727438CB000270873 /* bootstrap.js */,
			);
			path = Resources;
			sourceTree = "<group>";
		};
		5876893A271E911600F834A4 /* lib */ = {
			isa = PBXGroup;
			children = (
				58768938271E64EB00F834A4 /* common.js */,
			);
			path = lib;
			sourceTree = "<group>";
		};
		5876893B271EBD1500F834A4 /* baidu */ = {
			isa = PBXGroup;
			children = (
				5876891D2719238000F834A4 /* baidu-content.js */,
				588973382722D74A00BE123E /* tieba-content.js */,
			);
			path = baidu;
			sourceTree = "<group>";
		};
		58897321272170AF00BE123E /* xhs */ = {
			isa = PBXGroup;
			children = (
				58897322272170CC00BE123E /* xhs-content.js */,
			);
			path = xhs;
			sourceTree = "<group>";
		};
		588973242721714600BE123E /* zhihu */ = {
			isa = PBXGroup;
			children = (
				588973252721715F00BE123E /* zhihu-content.js */,
			);
			path = zhihu;
			sourceTree = "<group>";
		};
		5889732727217F3A00BE123E /* sohu */ = {
			isa = PBXGroup;
			children = (
				5889732A272180F700BE123E /* sohu-content.js */,
			);
			path = sohu;
			sourceTree = "<group>";
		};
		5889732C2722A93A00BE123E /* google */ = {
			isa = PBXGroup;
			children = (
				5889732D2722A94F00BE123E /* google-content.js */,
			);
			path = google;
			sourceTree = "<group>";
		};
		5889732F2722AB2E00BE123E /* csdn */ = {
			isa = PBXGroup;
			children = (
				588973302722AB4600BE123E /* csdn-content.js */,
			);
			path = csdn;
			sourceTree = "<group>";
		};
		588973322722BF7000BE123E /* jianshu */ = {
			isa = PBXGroup;
			children = (
				588973332722BFA400BE123E /* jianshu-content.js */,
			);
			path = jianshu;
			sourceTree = "<group>";
		};
		588973352722C5D800BE123E /* toutiao */ = {
			isa = PBXGroup;
			children = (
				588973362722C5EF00BE123E /* toutiao-content.js */,
			);
			path = toutiao;
			sourceTree = "<group>";
		};
		5889733A2722FF7600BE123E /* Images */ = {
			isa = PBXGroup;
			children = (
				84C1ED42276C31AE00651DF9 /* back@3x.png */,
				84C1ED41276C31AE00651DF9 /* on@3x.png */,
				84C1ED3D2765FC8600651DF9 /* search-selected@3x.png */,
				84C1ED3E2765FC8600651DF9 /* search@3x.png */,
				84C1ED2227659F7600651DF9 /* arrow@3x.png */,
				8496DFBB2759C39A0075ABD5 /* homepage-selected@3x.png */,
				8496DFB9275935B30075ABD5 /* add@3x.png */,
				84BDC852274CA4A5005367C6 /* stop@3x.png */,
				84BDC854274CAB0F005367C6 /* play@3x.png */,
				8496DFB527592B850075ABD5 /* more-selected@3x.png */,
				84BDC850274C9AC3005367C6 /* delete@3x.png */,
				8496DFB727592C260075ABD5 /* more@3x.png */,
				84F4831D273AC51800217BB3 /* js-lib@3x.png */,
				58813436272AACEC0055E1CE /* fastclip-icon@3x.png */,
				5889733D2723033600BE123E /* icon@3x.png */,
			);
			path = Images;
			sourceTree = "<group>";
		};
		58F7F4B92743A92A00270873 /* lib */ = {
			isa = PBXGroup;
			children = (
				58F7F4CC27454E7300270873 /* stay-bootstrap.js */,
				58F7F4CA27454E0600270873 /* convert2RegExp.js */,
				58F7F4CE2745EAAA00270873 /* supported-apis.js */,
				58F7F4C827454C2400270873 /* MatchPattern.js */,
				58F7F4C62745462500270873 /* parse-meta-line.js */,
				58F7F4BA2743A93E00270873 /* parse-user-script.js */,
				58F7F4EC2747A9FE00270873 /* gm-api-create.js */,
			);
			path = lib;
			sourceTree = "<group>";
		};
		58F7F4BC2743AABE00270873 /* Frameworks */ = {
			isa = PBXGroup;
			children = (
				58F7F4BD2743AABE00270873 /* JavaScriptCore.framework */,
			);
			name = Frameworks;
			sourceTree = "<group>";
		};
		58F7F4BF2743BFCC00270873 /* userscript */ = {
			isa = PBXGroup;
			children = (
				58F7F4C02743C00600270873 /* leetcode-cn-submission-share.user.js */,
			);
			path = userscript;
			sourceTree = "<group>";
		};
		58F7F4C22745328200270873 /* tampermonkey */ = {
			isa = PBXGroup;
			children = (
				58F7F4BF2743BFCC00270873 /* userscript */,
				58F7F4B92743A92A00270873 /* lib */,
				58F7F4C32745336100270873 /* Tampermonkey.h */,
				58F7F4C42745336100270873 /* Tampermonkey.m */,
				58F7F4D02745FC0B00270873 /* UserScript.h */,
				58F7F4D12745FC0B00270873 /* UserScript.m */,
			);
			path = tampermonkey;
			sourceTree = "<group>";
		};
		58F7F4D3274603BA00270873 /* stay */ = {
			isa = PBXGroup;
			children = (
				58F7F4D72746281300270873 /* userscript */,
				58F7F4D42746044900270873 /* vendor */,
			);
			path = stay;
			sourceTree = "<group>";
		};
		58F7F4D42746044900270873 /* vendor */ = {
			isa = PBXGroup;
			children = (
				58F7F4D527461F9A00270873 /* stay-taskloop.js */,
			);
			path = vendor;
			sourceTree = "<group>";
		};
		58F7F4D72746281300270873 /* userscript */ = {
			isa = PBXGroup;
			children = (
				58232D48276C37AC0015C914 /* stay-darkmode.user.js */,
				58F7F4D8274629AF00270873 /* stay-zhihu.user.js */,
				58F7F4EE274B7C7700270873 /* newuserscript.user.js */,
				58410FD32764837F00AB334B /* gmlogtest.user.js */,
				58410FD52766005400AB334B /* stay-google.user.js */,
				58410FD72766015000AB334B /* stay-baidu.user.js */,
				58410FD9276875F000AB334B /* stay-toutiao.user.js */,
				58410FDB276878C700AB334B /* stay-csdn.user.js */,
				58410FDD27687AB400AB334B /* stay-jianshu.user.js */,
				58410FDF27687D0F00AB334B /* stay-sohu.user.js */,
				58410FE127687DE200AB334B /* stay-xhs.user.js */,
				58410FE327687F7100AB334B /* stay-sina.user.js */,
				58410FE52768805F00AB334B /* stay-newsqq.user.js */,
				58410FE7276881DE00AB334B /* stay-tieba.user.js */,
			);
			path = userscript;
			sourceTree = "<group>";
		};
		58F7F4E02746588600270873 /* vendor */ = {
			isa = PBXGroup;
			children = (
				58F7F4E12746589C00270873 /* stay-taskloop.js */,
				58F7F4E5274754B900270873 /* gm-apis-gen.js */,
			);
			path = vendor;
			sourceTree = "<group>";
		};
		8410C835275E0278005531EC /* CodeMirror */ = {
			isa = PBXGroup;
			children = (
				8410C847275E028D005531EC /* editor.html */,
				8410C836275E028A005531EC /* codemirror */,
			);
			path = CodeMirror;
			sourceTree = "<group>";
		};
		8410C836275E028A005531EC /* codemirror */ = {
			isa = PBXGroup;
			children = (
				8410C837275E028A005531EC /* codemirror.js */,
				8410C838275E028A005531EC /* mode */,
				8410C83F275E028A005531EC /* codemirror.css */,
			);
			path = codemirror;
			sourceTree = "<group>";
		};
		8410C838275E028A005531EC /* mode */ = {
			isa = PBXGroup;
			children = (
				8410C839275E028A005531EC /* javascript */,
			);
			path = mode;
			sourceTree = "<group>";
		};
		8410C839275E028A005531EC /* javascript */ = {
			isa = PBXGroup;
			children = (
				8410C83A275E028A005531EC /* typescript.html */,
				8410C83B275E028A005531EC /* index.html */,
				8410C83C275E028A005531EC /* test.js */,
				8410C83D275E028A005531EC /* javascript.js */,
				8410C83E275E028A005531EC /* json-ld.html */,
			);
			path = javascript;
			sourceTree = "<group>";
		};
		8496DFBD2759CA750075ABD5 /* SYEdit */ = {
			isa = PBXGroup;
			children = (
				8496DFC02759CAB90075ABD5 /* controller */,
				8496DFBF2759CA980075ABD5 /* view */,
				8496DFBE2759CA920075ABD5 /* model */,
			);
			path = SYEdit;
			sourceTree = "<group>";
		};
		8496DFBE2759CA920075ABD5 /* model */ = {
			isa = PBXGroup;
			children = (
			);
			path = model;
			sourceTree = "<group>";
		};
		8496DFBF2759CA980075ABD5 /* view */ = {
			isa = PBXGroup;
			children = (
				84C1ED1B27631AE200651DF9 /* SYCodeMirrorView.h */,
				84C1ED1C27631AE200651DF9 /* SYCodeMirrorView.m */,
			);
			path = view;
			sourceTree = "<group>";
		};
		8496DFC02759CAB90075ABD5 /* controller */ = {
			isa = PBXGroup;
			children = (
				8496DFC12759CADC0075ABD5 /* SYEditViewController.h */,
				8496DFC22759CADC0075ABD5 /* SYEditViewController.m */,
				8496DFC4275A6D7E0075ABD5 /* Stay-Bridging-Header.h */,
			);
			path = controller;
			sourceTree = "<group>";
		};
		84BDC83F274BB7FB005367C6 /* Data */ = {
			isa = PBXGroup;
			children = (
				84C1ED47276C637200651DF9 /* scriptManager.sqlite */,
				84BDC846274BC50B005367C6 /* DataModel */,
				84BDC840274BB80B005367C6 /* DataManager */,
			);
			path = Data;
			sourceTree = "<group>";
		};
		84BDC840274BB80B005367C6 /* DataManager */ = {
			isa = PBXGroup;
			children = (
				84BDC841274BB820005367C6 /* DataManager.h */,
				84BDC842274BB820005367C6 /* DataManager.m */,
			);
			path = DataManager;
			sourceTree = "<group>";
		};
		84BDC846274BC50B005367C6 /* DataModel */ = {
			isa = PBXGroup;
			children = (
				84BDC847274BC5AD005367C6 /* ScriptDetailModel.h */,
				84BDC848274BC5AD005367C6 /* ScriptDetailModel.m */,
			);
			path = DataModel;
			sourceTree = "<group>";
		};
		84C54CF62753BD4B00A9F14C /* SYDetail */ = {
			isa = PBXGroup;
			children = (
				84C54CF92753BD7500A9F14C /* Model */,
				84C54CF82753BD6C00A9F14C /* View */,
				84C54CF72753BD5C00A9F14C /* Controller */,
			);
			path = SYDetail;
			sourceTree = "<group>";
		};
		84C54CF72753BD5C00A9F14C /* Controller */ = {
			isa = PBXGroup;
			children = (
				84C54CFA2753BDAF00A9F14C /* SYDetailViewController.h */,
				84C54CFB2753BDAF00A9F14C /* SYDetailViewController.m */,
			);
			path = Controller;
			sourceTree = "<group>";
		};
		84C54CF82753BD6C00A9F14C /* View */ = {
			isa = PBXGroup;
			children = (
			);
			path = View;
			sourceTree = "<group>";
		};
		84C54CF92753BD7500A9F14C /* Model */ = {
			isa = PBXGroup;
			children = (
			);
			path = Model;
			sourceTree = "<group>";
		};
		84F4830D273A69AA00217BB3 /* Main */ = {
			isa = PBXGroup;
			children = (
				8410C835275E0278005531EC /* CodeMirror */,
				8496DFBD2759CA750075ABD5 /* SYEdit */,
				84C54CF62753BD4B00A9F14C /* SYDetail */,
				84BDC83F274BB7FB005367C6 /* Data */,
				84F4832D273AD83700217BB3 /* SYMore */,
				84F48319273A75D300217BB3 /* Common */,
				84F48312273A6A2100217BB3 /* SYSearch */,
				84F4830E273A69B500217BB3 /* SYHome */,
			);
			path = Main;
			sourceTree = "<group>";
		};
		84F4830E273A69B500217BB3 /* SYHome */ = {
			isa = PBXGroup;
			children = (
				84F48311273A6A1900217BB3 /* Controller */,
				84F4830F273A69C800217BB3 /* Model */,
				84F48310273A6A1400217BB3 /* View */,
			);
			path = SYHome;
			sourceTree = "<group>";
		};
		84F4830F273A69C800217BB3 /* Model */ = {
			isa = PBXGroup;
			children = (
				84F4833B273B96F400217BB3 /* JSDetailEntity.h */,
				84F48339273B964900217BB3 /* JSDetailEntity.m */,
			);
			path = Model;
			sourceTree = "<group>";
		};
		84F48310273A6A1400217BB3 /* View */ = {
			isa = PBXGroup;
			children = (
				84F48335273B709500217BB3 /* JSDetailCell.h */,
				84F48336273B709500217BB3 /* JSDetailCell.m */,
			);
			path = View;
			sourceTree = "<group>";
		};
		84F48311273A6A1900217BB3 /* Controller */ = {
			isa = PBXGroup;
			children = (
				84F4831F273ACAC000217BB3 /* SYHomeViewController.h */,
				84F48320273ACAC000217BB3 /* SYHomeViewController.m */,
			);
			path = Controller;
			sourceTree = "<group>";
		};
		84F48312273A6A2100217BB3 /* SYSearch */ = {
			isa = PBXGroup;
			children = (
				84F48315273A6C5900217BB3 /* View */,
				84F48314273A6C5400217BB3 /* Model */,
				84F48313273A6C4C00217BB3 /* Controller */,
			);
			path = SYSearch;
			sourceTree = "<group>";
		};
		84F48313273A6C4C00217BB3 /* Controller */ = {
			isa = PBXGroup;
			children = (
				84F48322273ACAD400217BB3 /* SYSearchViewController.h */,
				84F48323273ACAD400217BB3 /* SYSearchViewController.m */,
			);
			path = Controller;
			sourceTree = "<group>";
		};
		84F48314273A6C5400217BB3 /* Model */ = {
			isa = PBXGroup;
			children = (
			);
			path = Model;
			sourceTree = "<group>";
		};
		84F48315273A6C5900217BB3 /* View */ = {
			isa = PBXGroup;
			children = (
			);
			path = View;
			sourceTree = "<group>";
		};
		84F48319273A75D300217BB3 /* Common */ = {
			isa = PBXGroup;
			children = (
				84BDC83D27455CA2005367C6 /* SYDefines.h */,
				84C1ED242765E29D00651DF9 /* NSString+Urlencode.h */,
				84C1ED252765E29D00651DF9 /* NSString+Urlencode.m */,
				84BDC83A2745575E005367C6 /* UIViewExt.h */,
				84BDC83B2745575E005367C6 /* UIViewExt.m */,
			);
			path = Common;
			sourceTree = "<group>";
		};
		84F4832D273AD83700217BB3 /* SYMore */ = {
			isa = PBXGroup;
			children = (
				84F48332273AD8AA00217BB3 /* Controller */,
				84F48331273AD8A400217BB3 /* View */,
				84F48330273AD89E00217BB3 /* Model */,
			);
			path = SYMore;
			sourceTree = "<group>";
		};
		84F48330273AD89E00217BB3 /* Model */ = {
			isa = PBXGroup;
			children = (
			);
			path = Model;
			sourceTree = "<group>";
		};
		84F48331273AD8A400217BB3 /* View */ = {
			isa = PBXGroup;
			children = (
			);
			path = View;
			sourceTree = "<group>";
		};
		84F48332273AD8AA00217BB3 /* Controller */ = {
			isa = PBXGroup;
			children = (
				587688E52719237E00F834A4 /* SYMoreViewController.h */,
				587688E62719237E00F834A4 /* SYMoreViewController.m */,
			);
			path = Controller;
			sourceTree = "<group>";
		};
		CD06870D272E8020006EEA1E /* qq */ = {
			isa = PBXGroup;
			children = (
				CD06870E272E8063006EEA1E /* xw_qq-content.js */,
			);
			path = qq;
			sourceTree = "<group>";
		};
		CD56236527315A6B00D32806 /* sina */ = {
			isa = PBXGroup;
			children = (
				CD56236627315A8F00D32806 /* news_sina-content.js */,
			);
			path = sina;
			sourceTree = "<group>";
		};
/* End PBXGroup section */

/* Begin PBXNativeTarget section */
		587688D32719237E00F834A4 /* Stay */ = {
			isa = PBXNativeTarget;
			buildConfigurationList = 5876892D2719238000F834A4 /* Build configuration list for PBXNativeTarget "Stay" */;
			buildPhases = (
				587688D02719237E00F834A4 /* Sources */,
				587688D12719237E00F834A4 /* Frameworks */,
				587688D22719237E00F834A4 /* Resources */,
				5876892C2719238000F834A4 /* Embed App Extensions */,
			);
			buildRules = (
			);
			dependencies = (
				5876890F2719238000F834A4 /* PBXTargetDependency */,
			);
			name = Stay;
			productName = Stay;
			productReference = 587688D42719237E00F834A4 /* Stay.app */;
			productType = "com.apple.product-type.application";
		};
		587688F52719238000F834A4 /* StayTests */ = {
			isa = PBXNativeTarget;
			buildConfigurationList = 587689302719238000F834A4 /* Build configuration list for PBXNativeTarget "StayTests" */;
			buildPhases = (
				587688F22719238000F834A4 /* Sources */,
				587688F32719238000F834A4 /* Frameworks */,
				587688F42719238000F834A4 /* Resources */,
			);
			buildRules = (
			);
			dependencies = (
				587688F82719238000F834A4 /* PBXTargetDependency */,
			);
			name = StayTests;
			productName = StayTests;
			productReference = 587688F62719238000F834A4 /* StayTests.xctest */;
			productType = "com.apple.product-type.bundle.unit-test";
		};
		587688FF2719238000F834A4 /* StayUITests */ = {
			isa = PBXNativeTarget;
			buildConfigurationList = 587689332719238000F834A4 /* Build configuration list for PBXNativeTarget "StayUITests" */;
			buildPhases = (
				587688FC2719238000F834A4 /* Sources */,
				587688FD2719238000F834A4 /* Frameworks */,
				587688FE2719238000F834A4 /* Resources */,
			);
			buildRules = (
			);
			dependencies = (
				587689022719238000F834A4 /* PBXTargetDependency */,
			);
			name = StayUITests;
			productName = StayUITests;
			productReference = 587689002719238000F834A4 /* StayUITests.xctest */;
			productType = "com.apple.product-type.bundle.ui-testing";
		};
		5876890B2719238000F834A4 /* Stay Extension */ = {
			isa = PBXNativeTarget;
			buildConfigurationList = 587689292719238000F834A4 /* Build configuration list for PBXNativeTarget "Stay Extension" */;
			buildPhases = (
				587689082719238000F834A4 /* Sources */,
				587689092719238000F834A4 /* Frameworks */,
				5876890A2719238000F834A4 /* Resources */,
			);
			buildRules = (
			);
			dependencies = (
			);
			name = "Stay Extension";
			productName = "Stay Extension";
			productReference = 5876890C2719238000F834A4 /* Stay Extension.appex */;
			productType = "com.apple.product-type.app-extension";
		};
/* End PBXNativeTarget section */

/* Begin PBXProject section */
		587688CC2719237E00F834A4 /* Project object */ = {
			isa = PBXProject;
			attributes = {
				BuildIndependentTargetsInParallel = 1;
				LastUpgradeCheck = 1300;
				TargetAttributes = {
					587688D32719237E00F834A4 = {
						CreatedOnToolsVersion = 13.0;
						LastSwiftMigration = 1320;
					};
					587688F52719238000F834A4 = {
						CreatedOnToolsVersion = 13.0;
						TestTargetID = 587688D32719237E00F834A4;
					};
					587688FF2719238000F834A4 = {
						CreatedOnToolsVersion = 13.0;
						TestTargetID = 587688D32719237E00F834A4;
					};
					5876890B2719238000F834A4 = {
						CreatedOnToolsVersion = 13.0;
					};
				};
			};
			buildConfigurationList = 587688CF2719237E00F834A4 /* Build configuration list for PBXProject "Stay" */;
			compatibilityVersion = "Xcode 13.0";
			developmentRegion = en;
			hasScannedForEncodings = 0;
			knownRegions = (
				en,
				Base,
				"zh-Hans",
			);
			mainGroup = 587688CB2719237E00F834A4;
			productRefGroup = 587688D52719237E00F834A4 /* Products */;
			projectDirPath = "";
			projectRoot = "";
			targets = (
				587688D32719237E00F834A4 /* Stay */,
				587688F52719238000F834A4 /* StayTests */,
				587688FF2719238000F834A4 /* StayUITests */,
				5876890B2719238000F834A4 /* Stay Extension */,
			);
		};
/* End PBXProject section */

/* Begin PBXResourcesBuildPhase section */
		587688D22719237E00F834A4 /* Resources */ = {
			isa = PBXResourcesBuildPhase;
			buildActionMask = 2147483647;
			files = (
				8410C842275E028A005531EC /* index.html in Resources */,
				58410FE427687F7100AB334B /* stay-sina.user.js in Resources */,
				84BDC851274C9AC3005367C6 /* delete@3x.png in Resources */,
				84BDC855274CAB0F005367C6 /* play@3x.png in Resources */,
				8496DFB627592B850075ABD5 /* more-selected@3x.png in Resources */,
				84C1ED3F2765FC8600651DF9 /* search-selected@3x.png in Resources */,
				58813437272AACEC0055E1CE /* fastclip-icon@3x.png in Resources */,
				58F7F4C927454C2400270873 /* MatchPattern.js in Resources */,
				58410FDE27687AB400AB334B /* stay-jianshu.user.js in Resources */,
				587688DF2719237E00F834A4 /* Icon.png in Resources */,
				8496DFB827592C260075ABD5 /* more@3x.png in Resources */,
				8410C841275E028A005531EC /* typescript.html in Resources */,
				5889733E2723033600BE123E /* icon@3x.png in Resources */,
				58F7F4C72745462500270873 /* parse-meta-line.js in Resources */,
				58410FE62768805F00AB334B /* stay-newsqq.user.js in Resources */,
				587688DD2719237E00F834A4 /* Main.html in Resources */,
				8410C848275E028D005531EC /* editor.html in Resources */,
				8410C846275E028A005531EC /* codemirror.css in Resources */,
				58F7F4CF2745EAAA00270873 /* supported-apis.js in Resources */,
				58F7F4D627461F9A00270873 /* stay-taskloop.js in Resources */,
				8410C843275E028A005531EC /* test.js in Resources */,
				58F7F4CD27454E7300270873 /* stay-bootstrap.js in Resources */,
				8496DFBA275935B30075ABD5 /* add@3x.png in Resources */,
				8496DFBC2759C39B0075ABD5 /* homepage-selected@3x.png in Resources */,
				58410FD42764837F00AB334B /* gmlogtest.user.js in Resources */,
				58410FE227687DE200AB334B /* stay-xhs.user.js in Resources */,
				8410C845275E028A005531EC /* json-ld.html in Resources */,
				58F7F4BB2743A93E00270873 /* parse-user-script.js in Resources */,
				58F7F4D9274629AF00270873 /* stay-zhihu.user.js in Resources */,
				5889731A27213C8300BE123E /* Localizable.strings in Resources */,
				58F7F4EF274B7C7800270873 /* newuserscript.user.js in Resources */,
				58F7F4C12743C00600270873 /* leetcode-cn-submission-share.user.js in Resources */,
				58410FE027687D0F00AB334B /* stay-sohu.user.js in Resources */,
				58410FD82766015000AB334B /* stay-baidu.user.js in Resources */,
				58897320272156C900BE123E /* LaunchScreen.storyboard in Resources */,
				84C1ED2327659F7600651DF9 /* arrow@3x.png in Resources */,
				58F7F4ED2747A9FE00270873 /* gm-api-create.js in Resources */,
				84C1ED44276C31AE00651DF9 /* back@3x.png in Resources */,
				84C1ED43276C31AE00651DF9 /* on@3x.png in Resources */,
				8410C840275E028A005531EC /* codemirror.js in Resources */,
				58410FDA276875F000AB334B /* stay-toutiao.user.js in Resources */,
				84C1ED402765FC8600651DF9 /* search@3x.png in Resources */,
				58410FD62766005400AB334B /* stay-google.user.js in Resources */,
				84F4831E273AC51800217BB3 /* js-lib@3x.png in Resources */,
				587689262719238000F834A4 /* Assets.xcassets in Resources */,
				58410FDC276878C700AB334B /* stay-csdn.user.js in Resources */,
				8410C844275E028A005531EC /* javascript.js in Resources */,
				587688E12719237E00F834A4 /* Style.css in Resources */,
				58232D49276C37AC0015C914 /* stay-darkmode.user.js in Resources */,
				58410FE8276881DE00AB334B /* stay-tieba.user.js in Resources */,
				84C1ED48276C637200651DF9 /* scriptManager.sqlite in Resources */,
				58F7F4CB27454E0600270873 /* convert2RegExp.js in Resources */,
				84BDC853274CA4A5005367C6 /* stop@3x.png in Resources */,
			);
			runOnlyForDeploymentPostprocessing = 0;
		};
		587688F42719238000F834A4 /* Resources */ = {
			isa = PBXResourcesBuildPhase;
			buildActionMask = 2147483647;
			files = (
			);
			runOnlyForDeploymentPostprocessing = 0;
		};
		587688FE2719238000F834A4 /* Resources */ = {
			isa = PBXResourcesBuildPhase;
			buildActionMask = 2147483647;
			files = (
			);
			runOnlyForDeploymentPostprocessing = 0;
		};
		5876890A2719238000F834A4 /* Resources */ = {
			isa = PBXResourcesBuildPhase;
			buildActionMask = 2147483647;
			files = (
				58768939271E64EB00F834A4 /* common.js in Resources */,
				58F7F4B827438CB000270873 /* bootstrap.js in Resources */,
				58F7F4E22746589D00270873 /* stay-taskloop.js in Resources */,
				CD56236727315A8F00D32806 /* news_sina-content.js in Resources */,
				CD06870F272E8063006EEA1E /* xw_qq-content.js in Resources */,
				5881343027294C0E0055E1CE /* iframe.html in Resources */,
				5889732B272180F700BE123E /* sohu-content.js in Resources */,
				5876891C2719238000F834A4 /* background.js in Resources */,
				587689222719238000F834A4 /* popup.css in Resources */,
				588973342722BFA400BE123E /* jianshu-content.js in Resources */,
				587689202719238000F834A4 /* popup.html in Resources */,
				588973482728144000BE123E /* redirect.js in Resources */,
				5881343127294C0E0055E1CE /* iframe.js in Resources */,
				58897323272170CC00BE123E /* xhs-content.js in Resources */,
				58F7F4DD274648FA00270873 /* MatchPattern.js in Resources */,
				588973312722AB4600BE123E /* csdn-content.js in Resources */,
				587689182719238000F834A4 /* images in Resources */,
				5889732E2722A94F00BE123E /* google-content.js in Resources */,
				588973372722C5EF00BE123E /* toutiao-content.js in Resources */,
				58F7F4E6274754B900270873 /* gm-apis-gen.js in Resources */,
				588973392722D74A00BE123E /* tieba-content.js in Resources */,
				5876891A2719238000F834A4 /* manifest.json in Resources */,
				587689162719238000F834A4 /* _locales in Resources */,
				5876891E2719238000F834A4 /* baidu-content.js in Resources */,
				58F7F4DF27464E5100270873 /* convert2RegExp.js in Resources */,
				587689242719238000F834A4 /* popup.js in Resources */,
				588973262721715F00BE123E /* zhihu-content.js in Resources */,
			);
			runOnlyForDeploymentPostprocessing = 0;
		};
/* End PBXResourcesBuildPhase section */

/* Begin PBXSourcesBuildPhase section */
		587688D02719237E00F834A4 /* Sources */ = {
			isa = PBXSourcesBuildPhase;
			buildActionMask = 2147483647;
			files = (
				587688E72719237E00F834A4 /* SYMoreViewController.m in Sources */,
				84C54CFC2753BDAF00A9F14C /* SYDetailViewController.m in Sources */,
				84C1ED1D27631AE200651DF9 /* SYCodeMirrorView.m in Sources */,
				84BDC843274BB820005367C6 /* DataManager.m in Sources */,
				84BDC849274BC5AD005367C6 /* ScriptDetailModel.m in Sources */,
				84C1ED262765E29D00651DF9 /* NSString+Urlencode.m in Sources */,
				587688D92719237E00F834A4 /* AppDelegate.m in Sources */,
				84BDC83C2745575E005367C6 /* UIViewExt.m in Sources */,
				84F48324273ACAD400217BB3 /* SYSearchViewController.m in Sources */,
				84F48318273A739800217BB3 /* MainTabBarController.m in Sources */,
				84F4833A273B964900217BB3 /* JSDetailEntity.m in Sources */,
				587689402720064D00F834A4 /* NavigationController.m in Sources */,
				84F48337273B709500217BB3 /* JSDetailCell.m in Sources */,
				8496DFC32759CADC0075ABD5 /* SYEditViewController.m in Sources */,
				84F48321273ACAC000217BB3 /* SYHomeViewController.m in Sources */,
				587688F12719238000F834A4 /* main.m in Sources */,
				587688E42719237E00F834A4 /* SceneDelegate.m in Sources */,
				58F7F4C52745336100270873 /* Tampermonkey.m in Sources */,
				58F7F4D22745FC0C00270873 /* UserScript.m in Sources */,
			);
			runOnlyForDeploymentPostprocessing = 0;
		};
		587688F22719238000F834A4 /* Sources */ = {
			isa = PBXSourcesBuildPhase;
			buildActionMask = 2147483647;
			files = (
				587688FB2719238000F834A4 /* StayTests.m in Sources */,
			);
			runOnlyForDeploymentPostprocessing = 0;
		};
		587688FC2719238000F834A4 /* Sources */ = {
			isa = PBXSourcesBuildPhase;
			buildActionMask = 2147483647;
			files = (
				587689052719238000F834A4 /* StayUITests.m in Sources */,
				587689072719238000F834A4 /* StayUITestsLaunchTests.m in Sources */,
			);
			runOnlyForDeploymentPostprocessing = 0;
		};
		587689082719238000F834A4 /* Sources */ = {
			isa = PBXSourcesBuildPhase;
			buildActionMask = 2147483647;
			files = (
				587689132719238000F834A4 /* SafariWebExtensionHandler.m in Sources */,
				58F7F4E9274776AB00270873 /* Stroge.m in Sources */,
			);
			runOnlyForDeploymentPostprocessing = 0;
		};
/* End PBXSourcesBuildPhase section */

/* Begin PBXTargetDependency section */
		587688F82719238000F834A4 /* PBXTargetDependency */ = {
			isa = PBXTargetDependency;
			target = 587688D32719237E00F834A4 /* Stay */;
			targetProxy = 587688F72719238000F834A4 /* PBXContainerItemProxy */;
		};
		587689022719238000F834A4 /* PBXTargetDependency */ = {
			isa = PBXTargetDependency;
			target = 587688D32719237E00F834A4 /* Stay */;
			targetProxy = 587689012719238000F834A4 /* PBXContainerItemProxy */;
		};
		5876890F2719238000F834A4 /* PBXTargetDependency */ = {
			isa = PBXTargetDependency;
			target = 5876890B2719238000F834A4 /* Stay Extension */;
			targetProxy = 5876890E2719238000F834A4 /* PBXContainerItemProxy */;
		};
/* End PBXTargetDependency section */

/* Begin PBXVariantGroup section */
		587688DB2719237E00F834A4 /* Main.html */ = {
			isa = PBXVariantGroup;
			children = (
				5889731427213BC200BE123E /* en */,
			);
			name = Main.html;
			sourceTree = "<group>";
		};
		5889731C27213C8300BE123E /* Localizable.strings */ = {
			isa = PBXVariantGroup;
			children = (
				5889731B27213C8300BE123E /* en */,
				5889731E27213CB100BE123E /* zh-Hans */,
			);
			name = Localizable.strings;
			sourceTree = "<group>";
		};
/* End PBXVariantGroup section */

/* Begin XCBuildConfiguration section */
		587689272719238000F834A4 /* Debug */ = {
			isa = XCBuildConfiguration;
			buildSettings = {
				ALWAYS_SEARCH_USER_PATHS = NO;
				CLANG_ANALYZER_LOCALIZABILITY_NONLOCALIZED = YES;
				CLANG_ANALYZER_NONNULL = YES;
				CLANG_ANALYZER_NUMBER_OBJECT_CONVERSION = YES_AGGRESSIVE;
				CLANG_CXX_LANGUAGE_STANDARD = "gnu++17";
				CLANG_CXX_LIBRARY = "libc++";
				CLANG_ENABLE_MODULES = YES;
				CLANG_ENABLE_OBJC_ARC = YES;
				CLANG_ENABLE_OBJC_WEAK = YES;
				CLANG_WARN_BLOCK_CAPTURE_AUTORELEASING = YES;
				CLANG_WARN_BOOL_CONVERSION = YES;
				CLANG_WARN_COMMA = YES;
				CLANG_WARN_CONSTANT_CONVERSION = YES;
				CLANG_WARN_DEPRECATED_OBJC_IMPLEMENTATIONS = YES;
				CLANG_WARN_DIRECT_OBJC_ISA_USAGE = YES_ERROR;
				CLANG_WARN_DOCUMENTATION_COMMENTS = YES;
				CLANG_WARN_EMPTY_BODY = YES;
				CLANG_WARN_ENUM_CONVERSION = YES;
				CLANG_WARN_INFINITE_RECURSION = YES;
				CLANG_WARN_INT_CONVERSION = YES;
				CLANG_WARN_NON_LITERAL_NULL_CONVERSION = YES;
				CLANG_WARN_OBJC_IMPLICIT_RETAIN_SELF = YES;
				CLANG_WARN_OBJC_LITERAL_CONVERSION = YES;
				CLANG_WARN_OBJC_ROOT_CLASS = YES_ERROR;
				CLANG_WARN_QUOTED_INCLUDE_IN_FRAMEWORK_HEADER = YES;
				CLANG_WARN_RANGE_LOOP_ANALYSIS = YES;
				CLANG_WARN_STRICT_PROTOTYPES = YES;
				CLANG_WARN_SUSPICIOUS_MOVE = YES;
				CLANG_WARN_UNGUARDED_AVAILABILITY = YES_AGGRESSIVE;
				CLANG_WARN_UNREACHABLE_CODE = YES;
				CLANG_WARN__DUPLICATE_METHOD_MATCH = YES;
				COPY_PHASE_STRIP = NO;
				DEBUG_INFORMATION_FORMAT = dwarf;
				ENABLE_STRICT_OBJC_MSGSEND = YES;
				ENABLE_TESTABILITY = YES;
				GCC_C_LANGUAGE_STANDARD = gnu11;
				GCC_DYNAMIC_NO_PIC = NO;
				GCC_NO_COMMON_BLOCKS = YES;
				GCC_OPTIMIZATION_LEVEL = 0;
				GCC_PREPROCESSOR_DEFINITIONS = (
					"DEBUG=1",
					"$(inherited)",
				);
				GCC_WARN_64_TO_32_BIT_CONVERSION = YES;
				GCC_WARN_ABOUT_RETURN_TYPE = YES_ERROR;
				GCC_WARN_UNDECLARED_SELECTOR = YES;
				GCC_WARN_UNINITIALIZED_AUTOS = YES_AGGRESSIVE;
				GCC_WARN_UNUSED_FUNCTION = YES;
				GCC_WARN_UNUSED_VARIABLE = YES;
				INFOPLIST_KEY_WKRunsIndependentlyOfCompanionApp = NO;
				INFOPLIST_KEY_WKWatchOnly = NO;
				IPHONEOS_DEPLOYMENT_TARGET = 15.0;
				MTL_ENABLE_DEBUG_INFO = INCLUDE_SOURCE;
				MTL_FAST_MATH = YES;
				ONLY_ACTIVE_ARCH = YES;
				SDKROOT = iphoneos;
			};
			name = Debug;
		};
		587689282719238000F834A4 /* Release */ = {
			isa = XCBuildConfiguration;
			buildSettings = {
				ALWAYS_SEARCH_USER_PATHS = NO;
				CLANG_ANALYZER_LOCALIZABILITY_NONLOCALIZED = YES;
				CLANG_ANALYZER_NONNULL = YES;
				CLANG_ANALYZER_NUMBER_OBJECT_CONVERSION = YES_AGGRESSIVE;
				CLANG_CXX_LANGUAGE_STANDARD = "gnu++17";
				CLANG_CXX_LIBRARY = "libc++";
				CLANG_ENABLE_MODULES = YES;
				CLANG_ENABLE_OBJC_ARC = YES;
				CLANG_ENABLE_OBJC_WEAK = YES;
				CLANG_WARN_BLOCK_CAPTURE_AUTORELEASING = YES;
				CLANG_WARN_BOOL_CONVERSION = YES;
				CLANG_WARN_COMMA = YES;
				CLANG_WARN_CONSTANT_CONVERSION = YES;
				CLANG_WARN_DEPRECATED_OBJC_IMPLEMENTATIONS = YES;
				CLANG_WARN_DIRECT_OBJC_ISA_USAGE = YES_ERROR;
				CLANG_WARN_DOCUMENTATION_COMMENTS = YES;
				CLANG_WARN_EMPTY_BODY = YES;
				CLANG_WARN_ENUM_CONVERSION = YES;
				CLANG_WARN_INFINITE_RECURSION = YES;
				CLANG_WARN_INT_CONVERSION = YES;
				CLANG_WARN_NON_LITERAL_NULL_CONVERSION = YES;
				CLANG_WARN_OBJC_IMPLICIT_RETAIN_SELF = YES;
				CLANG_WARN_OBJC_LITERAL_CONVERSION = YES;
				CLANG_WARN_OBJC_ROOT_CLASS = YES_ERROR;
				CLANG_WARN_QUOTED_INCLUDE_IN_FRAMEWORK_HEADER = YES;
				CLANG_WARN_RANGE_LOOP_ANALYSIS = YES;
				CLANG_WARN_STRICT_PROTOTYPES = YES;
				CLANG_WARN_SUSPICIOUS_MOVE = YES;
				CLANG_WARN_UNGUARDED_AVAILABILITY = YES_AGGRESSIVE;
				CLANG_WARN_UNREACHABLE_CODE = YES;
				CLANG_WARN__DUPLICATE_METHOD_MATCH = YES;
				COPY_PHASE_STRIP = NO;
				DEBUG_INFORMATION_FORMAT = "dwarf-with-dsym";
				ENABLE_NS_ASSERTIONS = NO;
				ENABLE_STRICT_OBJC_MSGSEND = YES;
				GCC_C_LANGUAGE_STANDARD = gnu11;
				GCC_NO_COMMON_BLOCKS = YES;
				GCC_WARN_64_TO_32_BIT_CONVERSION = YES;
				GCC_WARN_ABOUT_RETURN_TYPE = YES_ERROR;
				GCC_WARN_UNDECLARED_SELECTOR = YES;
				GCC_WARN_UNINITIALIZED_AUTOS = YES_AGGRESSIVE;
				GCC_WARN_UNUSED_FUNCTION = YES;
				GCC_WARN_UNUSED_VARIABLE = YES;
				INFOPLIST_KEY_WKRunsIndependentlyOfCompanionApp = NO;
				INFOPLIST_KEY_WKWatchOnly = NO;
				IPHONEOS_DEPLOYMENT_TARGET = 15.0;
				MTL_ENABLE_DEBUG_INFO = NO;
				MTL_FAST_MATH = YES;
				SDKROOT = iphoneos;
				VALIDATE_PRODUCT = YES;
			};
			name = Release;
		};
		5876892A2719238000F834A4 /* Debug */ = {
			isa = XCBuildConfiguration;
			buildSettings = {
				CODE_SIGN_ENTITLEMENTS = "Stay Extension/Stay Extension.entitlements";
				CODE_SIGN_STYLE = Automatic;
				CURRENT_PROJECT_VERSION = 13;
				DEVELOPMENT_TEAM = J25G7D7AL3;
				GENERATE_INFOPLIST_FILE = YES;
				INFOPLIST_FILE = "Stay Extension/Info.plist";
				INFOPLIST_KEY_CFBundleDisplayName = "Stay Extension";
				INFOPLIST_KEY_NSHumanReadableCopyright = "";
				INFOPLIST_KEY_WKRunsIndependentlyOfCompanionApp = NO;
				INFOPLIST_KEY_WKWatchOnly = NO;
				IPHONEOS_DEPLOYMENT_TARGET = 15.0;
				LD_RUNPATH_SEARCH_PATHS = (
					"$(inherited)",
					"@executable_path/Frameworks",
					"@executable_path/../../Frameworks",
				);
				MARKETING_VERSION = 2.0.0;
				OTHER_LDFLAGS = (
					"-framework",
					SafariServices,
				);
				PRODUCT_BUNDLE_IDENTIFIER = com.dajiu.stay.pro.Extension;
				PRODUCT_NAME = "$(TARGET_NAME)";
				SKIP_INSTALL = YES;
				SWIFT_EMIT_LOC_STRINGS = YES;
				TARGETED_DEVICE_FAMILY = 1;
			};
			name = Debug;
		};
		5876892B2719238000F834A4 /* Release */ = {
			isa = XCBuildConfiguration;
			buildSettings = {
				CODE_SIGN_ENTITLEMENTS = "Stay Extension/Stay Extension.entitlements";
				CODE_SIGN_STYLE = Automatic;
				CURRENT_PROJECT_VERSION = 13;
				DEVELOPMENT_TEAM = J25G7D7AL3;
				GENERATE_INFOPLIST_FILE = YES;
				INFOPLIST_FILE = "Stay Extension/Info.plist";
				INFOPLIST_KEY_CFBundleDisplayName = "Stay Extension";
				INFOPLIST_KEY_NSHumanReadableCopyright = "";
				INFOPLIST_KEY_WKRunsIndependentlyOfCompanionApp = NO;
				INFOPLIST_KEY_WKWatchOnly = NO;
				IPHONEOS_DEPLOYMENT_TARGET = 15.0;
				LD_RUNPATH_SEARCH_PATHS = (
					"$(inherited)",
					"@executable_path/Frameworks",
					"@executable_path/../../Frameworks",
				);
				MARKETING_VERSION = 2.0.0;
				OTHER_LDFLAGS = (
					"-framework",
					SafariServices,
				);
				PRODUCT_BUNDLE_IDENTIFIER = com.dajiu.stay.pro.Extension;
				PRODUCT_NAME = "$(TARGET_NAME)";
				SKIP_INSTALL = YES;
				SWIFT_EMIT_LOC_STRINGS = YES;
				TARGETED_DEVICE_FAMILY = 1;
			};
			name = Release;
		};
		5876892E2719238000F834A4 /* Debug */ = {
			isa = XCBuildConfiguration;
			buildSettings = {
				ASSETCATALOG_COMPILER_APPICON_NAME = AppIcon;
				ASSETCATALOG_COMPILER_GLOBAL_ACCENT_COLOR_NAME = AccentColor;
				CLANG_ENABLE_MODULES = YES;
				CODE_SIGN_ENTITLEMENTS = Stay/Stay.entitlements;
				CODE_SIGN_STYLE = Automatic;
				COPY_HEADERS_RUN_UNIFDEF = NO;
				CURRENT_PROJECT_VERSION = 13;
				DEFINES_MODULE = YES;
				DEVELOPMENT_TEAM = J25G7D7AL3;
				GCC_PREFIX_HEADER = "$(SRCROOT)/Stay/PrefixHeader.pch";
				GENERATE_INFOPLIST_FILE = YES;
				GENERATE_PKGINFO_FILE = NO;
				INFOPLIST_FILE = Stay/Info.plist;
				INFOPLIST_KEY_CFBundleDisplayName = "Stay²";
				INFOPLIST_KEY_UIApplicationSupportsIndirectInputEvents = YES;
				INFOPLIST_KEY_UILaunchStoryboardName = LaunchScreen;
				INFOPLIST_KEY_UIRequiresFullScreen = NO;
				INFOPLIST_KEY_UISupportedInterfaceOrientations = "UIInterfaceOrientationPortrait UIInterfaceOrientationLandscapeLeft UIInterfaceOrientationLandscapeRight";
				INFOPLIST_KEY_UISupportedInterfaceOrientations_iPad = "UIInterfaceOrientationPortrait UIInterfaceOrientationPortraitUpsideDown UIInterfaceOrientationLandscapeLeft UIInterfaceOrientationLandscapeRight";
				INFOPLIST_KEY_UISupportedInterfaceOrientations_iPhone = "UIInterfaceOrientationPortrait UIInterfaceOrientationLandscapeLeft UIInterfaceOrientationLandscapeRight";
				INFOPLIST_KEY_WKRunsIndependentlyOfCompanionApp = NO;
				INFOPLIST_KEY_WKWatchOnly = NO;
				IPHONEOS_DEPLOYMENT_TARGET = 15.0;
				LD_RUNPATH_SEARCH_PATHS = (
					"$(inherited)",
					"@executable_path/Frameworks",
				);
				MARKETING_VERSION = 2.0.0;
				OTHER_LDFLAGS = "$(inherited)";
				PRODUCT_BUNDLE_IDENTIFIER = com.dajiu.stay.pro;
				PRODUCT_NAME = "$(TARGET_NAME)";
				SWIFT_EMIT_LOC_STRINGS = YES;
				SWIFT_OBJC_BRIDGING_HEADER = "Stay/Main/SYEdit/controller/Stay-Bridging-Header.h";
				SWIFT_OPTIMIZATION_LEVEL = "-Onone";
				SWIFT_VERSION = 4.2;
				TARGETED_DEVICE_FAMILY = 1;
				USER_HEADER_SEARCH_PATHS = "";
			};
			name = Debug;
		};
		5876892F2719238000F834A4 /* Release */ = {
			isa = XCBuildConfiguration;
			buildSettings = {
				ASSETCATALOG_COMPILER_APPICON_NAME = AppIcon;
				ASSETCATALOG_COMPILER_GLOBAL_ACCENT_COLOR_NAME = AccentColor;
				CLANG_ENABLE_MODULES = YES;
				CODE_SIGN_ENTITLEMENTS = Stay/Stay.entitlements;
				CODE_SIGN_STYLE = Automatic;
				COPY_HEADERS_RUN_UNIFDEF = NO;
				CURRENT_PROJECT_VERSION = 13;
				DEFINES_MODULE = YES;
				DEVELOPMENT_TEAM = J25G7D7AL3;
				GCC_PREFIX_HEADER = "$(SRCROOT)/Stay/PrefixHeader.pch";
				GENERATE_INFOPLIST_FILE = YES;
				GENERATE_PKGINFO_FILE = NO;
				INFOPLIST_FILE = Stay/Info.plist;
				INFOPLIST_KEY_CFBundleDisplayName = "Stay²";
				INFOPLIST_KEY_UIApplicationSupportsIndirectInputEvents = YES;
				INFOPLIST_KEY_UILaunchStoryboardName = LaunchScreen;
				INFOPLIST_KEY_UIRequiresFullScreen = NO;
				INFOPLIST_KEY_UISupportedInterfaceOrientations = "UIInterfaceOrientationPortrait UIInterfaceOrientationLandscapeLeft UIInterfaceOrientationLandscapeRight";
				INFOPLIST_KEY_UISupportedInterfaceOrientations_iPad = "UIInterfaceOrientationPortrait UIInterfaceOrientationPortraitUpsideDown UIInterfaceOrientationLandscapeLeft UIInterfaceOrientationLandscapeRight";
				INFOPLIST_KEY_UISupportedInterfaceOrientations_iPhone = "UIInterfaceOrientationPortrait UIInterfaceOrientationLandscapeLeft UIInterfaceOrientationLandscapeRight";
				INFOPLIST_KEY_WKRunsIndependentlyOfCompanionApp = NO;
				INFOPLIST_KEY_WKWatchOnly = NO;
				IPHONEOS_DEPLOYMENT_TARGET = 15.0;
				LD_RUNPATH_SEARCH_PATHS = (
					"$(inherited)",
					"@executable_path/Frameworks",
				);
				MARKETING_VERSION = 2.0.0;
				OTHER_LDFLAGS = "$(inherited)";
				PRODUCT_BUNDLE_IDENTIFIER = com.dajiu.stay.pro;
				PRODUCT_NAME = "$(TARGET_NAME)";
				SWIFT_EMIT_LOC_STRINGS = YES;
				SWIFT_OBJC_BRIDGING_HEADER = "Stay/Main/SYEdit/controller/Stay-Bridging-Header.h";
				SWIFT_VERSION = 4.2;
				TARGETED_DEVICE_FAMILY = 1;
				USER_HEADER_SEARCH_PATHS = "";
			};
			name = Release;
		};
		587689312719238000F834A4 /* Debug */ = {
			isa = XCBuildConfiguration;
			buildSettings = {
				BUNDLE_LOADER = "$(TEST_HOST)";
				CODE_SIGN_STYLE = Automatic;
				CURRENT_PROJECT_VERSION = 1;
				DEVELOPMENT_TEAM = J25G7D7AL3;
				GENERATE_INFOPLIST_FILE = YES;
				IPHONEOS_DEPLOYMENT_TARGET = 15.0;
				LD_RUNPATH_SEARCH_PATHS = (
					"$(inherited)",
					"@executable_path/Frameworks",
					"@loader_path/Frameworks",
				);
				MARKETING_VERSION = 1.0;
				PRODUCT_BUNDLE_IDENTIFIER = com.dajiu.stay.StayTests;
				PRODUCT_NAME = "$(TARGET_NAME)";
				SWIFT_EMIT_LOC_STRINGS = NO;
				TARGETED_DEVICE_FAMILY = "1,2";
				TEST_HOST = "$(BUILT_PRODUCTS_DIR)/Stay.app/Stay";
			};
			name = Debug;
		};
		587689322719238000F834A4 /* Release */ = {
			isa = XCBuildConfiguration;
			buildSettings = {
				BUNDLE_LOADER = "$(TEST_HOST)";
				CODE_SIGN_STYLE = Automatic;
				CURRENT_PROJECT_VERSION = 1;
				DEVELOPMENT_TEAM = J25G7D7AL3;
				GENERATE_INFOPLIST_FILE = YES;
				IPHONEOS_DEPLOYMENT_TARGET = 15.0;
				LD_RUNPATH_SEARCH_PATHS = (
					"$(inherited)",
					"@executable_path/Frameworks",
					"@loader_path/Frameworks",
				);
				MARKETING_VERSION = 1.0;
				PRODUCT_BUNDLE_IDENTIFIER = com.dajiu.stay.StayTests;
				PRODUCT_NAME = "$(TARGET_NAME)";
				SWIFT_EMIT_LOC_STRINGS = NO;
				TARGETED_DEVICE_FAMILY = "1,2";
				TEST_HOST = "$(BUILT_PRODUCTS_DIR)/Stay.app/Stay";
			};
			name = Release;
		};
		587689342719238000F834A4 /* Debug */ = {
			isa = XCBuildConfiguration;
			buildSettings = {
				CODE_SIGN_STYLE = Automatic;
				CURRENT_PROJECT_VERSION = 1;
				DEVELOPMENT_TEAM = J25G7D7AL3;
				GENERATE_INFOPLIST_FILE = YES;
				LD_RUNPATH_SEARCH_PATHS = (
					"$(inherited)",
					"@executable_path/Frameworks",
					"@loader_path/Frameworks",
				);
				MARKETING_VERSION = 1.0;
				PRODUCT_BUNDLE_IDENTIFIER = com.dajiu.stay.StayUITests;
				PRODUCT_NAME = "$(TARGET_NAME)";
				SWIFT_EMIT_LOC_STRINGS = NO;
				TARGETED_DEVICE_FAMILY = "1,2";
				TEST_TARGET_NAME = Stay;
			};
			name = Debug;
		};
		587689352719238000F834A4 /* Release */ = {
			isa = XCBuildConfiguration;
			buildSettings = {
				CODE_SIGN_STYLE = Automatic;
				CURRENT_PROJECT_VERSION = 1;
				DEVELOPMENT_TEAM = J25G7D7AL3;
				GENERATE_INFOPLIST_FILE = YES;
				LD_RUNPATH_SEARCH_PATHS = (
					"$(inherited)",
					"@executable_path/Frameworks",
					"@loader_path/Frameworks",
				);
				MARKETING_VERSION = 1.0;
				PRODUCT_BUNDLE_IDENTIFIER = com.dajiu.stay.StayUITests;
				PRODUCT_NAME = "$(TARGET_NAME)";
				SWIFT_EMIT_LOC_STRINGS = NO;
				TARGETED_DEVICE_FAMILY = "1,2";
				TEST_TARGET_NAME = Stay;
			};
			name = Release;
		};
/* End XCBuildConfiguration section */

/* Begin XCConfigurationList section */
		587688CF2719237E00F834A4 /* Build configuration list for PBXProject "Stay" */ = {
			isa = XCConfigurationList;
			buildConfigurations = (
				587689272719238000F834A4 /* Debug */,
				587689282719238000F834A4 /* Release */,
			);
			defaultConfigurationIsVisible = 0;
			defaultConfigurationName = Release;
		};
		587689292719238000F834A4 /* Build configuration list for PBXNativeTarget "Stay Extension" */ = {
			isa = XCConfigurationList;
			buildConfigurations = (
				5876892A2719238000F834A4 /* Debug */,
				5876892B2719238000F834A4 /* Release */,
			);
			defaultConfigurationIsVisible = 0;
			defaultConfigurationName = Release;
		};
		5876892D2719238000F834A4 /* Build configuration list for PBXNativeTarget "Stay" */ = {
			isa = XCConfigurationList;
			buildConfigurations = (
				5876892E2719238000F834A4 /* Debug */,
				5876892F2719238000F834A4 /* Release */,
			);
			defaultConfigurationIsVisible = 0;
			defaultConfigurationName = Release;
		};
		587689302719238000F834A4 /* Build configuration list for PBXNativeTarget "StayTests" */ = {
			isa = XCConfigurationList;
			buildConfigurations = (
				587689312719238000F834A4 /* Debug */,
				587689322719238000F834A4 /* Release */,
			);
			defaultConfigurationIsVisible = 0;
			defaultConfigurationName = Release;
		};
		587689332719238000F834A4 /* Build configuration list for PBXNativeTarget "StayUITests" */ = {
			isa = XCConfigurationList;
			buildConfigurations = (
				587689342719238000F834A4 /* Debug */,
				587689352719238000F834A4 /* Release */,
			);
			defaultConfigurationIsVisible = 0;
			defaultConfigurationName = Release;
		};
/* End XCConfigurationList section */
	};
	rootObject = 587688CC2719237E00F834A4 /* Project object */;
}
